// !$*UTF8*$!
{
	archiveVersion = 1;
	classes = {
	};
	objectVersion = 46;
	objects = {

/* Begin PBXBuildFile section */
		C9ACE5A21D1D056A00647D4F /* main.m in Sources */ = {isa = PBXBuildFile; fileRef = C9ACE5A11D1D056A00647D4F /* main.m */; };
		C9ACE5A51D1D056A00647D4F /* AppDelegate.m in Sources */ = {isa = PBXBuildFile; fileRef = C9ACE5A41D1D056A00647D4F /* AppDelegate.m */; };
		C9ACE5A81D1D056A00647D4F /* ViewController.m in Sources */ = {isa = PBXBuildFile; fileRef = C9ACE5A71D1D056A00647D4F /* ViewController.m */; };
		C9ACE5AB1D1D056A00647D4F /* Main.storyboard in Resources */ = {isa = PBXBuildFile; fileRef = C9ACE5A91D1D056A00647D4F /* Main.storyboard */; };
		C9ACE5AE1D1D056A00647D4F /* RuntimeTest.xcdatamodeld in Sources */ = {isa = PBXBuildFile; fileRef = C9ACE5AC1D1D056A00647D4F /* RuntimeTest.xcdatamodeld */; };
		C9ACE5B01D1D056A00647D4F /* Assets.xcassets in Resources */ = {isa = PBXBuildFile; fileRef = C9ACE5AF1D1D056A00647D4F /* Assets.xcassets */; };
		C9ACE5B31D1D056A00647D4F /* LaunchScreen.storyboard in Resources */ = {isa = PBXBuildFile; fileRef = C9ACE5B11D1D056A00647D4F /* LaunchScreen.storyboard */; };
/* End PBXBuildFile section */

/* Begin PBXFileReference section */
		C9ACE59D1D1D056A00647D4F /* RuntimeTest.app */ = {isa = PBXFileReference; explicitFileType = wrapper.application; includeInIndex = 0; path = RuntimeTest.app; sourceTree = BUILT_PRODUCTS_DIR; };
		C9ACE5A11D1D056A00647D4F /* main.m */ = {isa = PBXFileReference; lastKnownFileType = sourcecode.c.objc; path = main.m; sourceTree = "<group>"; };
		C9ACE5A31D1D056A00647D4F /* AppDelegate.h */ = {isa = PBXFileReference; lastKnownFileType = sourcecode.c.h; path = AppDelegate.h; sourceTree = "<group>"; };
		C9ACE5A41D1D056A00647D4F /* AppDelegate.m */ = {isa = PBXFileReference; lastKnownFileType = sourcecode.c.objc; path = AppDelegate.m; sourceTree = "<group>"; };
		C9ACE5A61D1D056A00647D4F /* ViewController.h */ = {isa = PBXFileReference; lastKnownFileType = sourcecode.c.h; path = ViewController.h; sourceTree = "<group>"; };
		C9ACE5A71D1D056A00647D4F /* ViewController.m */ = {isa = PBXFileReference; lastKnownFileType = sourcecode.c.objc; path = ViewController.m; sourceTree = "<group>"; };
		C9ACE5AA1D1D056A00647D4F /* Base */ = {isa = PBXFileReference; lastKnownFileType = file.storyboard; name = Base; path = Base.lproj/Main.storyboard; sourceTree = "<group>"; };
		C9ACE5AD1D1D056A00647D4F /* RuntimeTest.xcdatamodel */ = {isa = PBXFileReference; lastKnownFileType = wrapper.xcdatamodel; path = RuntimeTest.xcdatamodel; sourceTree = "<group>"; };
		C9ACE5AF1D1D056A00647D4F /* Assets.xcassets */ = {isa = PBXFileReference; lastKnownFileType = folder.assetcatalog; path = Assets.xcassets; sourceTree = "<group>"; };
		C9ACE5B21D1D056A00647D4F /* Base */ = {isa = PBXFileReference; lastKnownFileType = file.storyboard; name = Base; path = Base.lproj/LaunchScreen.storyboard; sourceTree = "<group>"; };
		C9ACE5B41D1D056A00647D4F /* Info.plist */ = {isa = PBXFileReference; lastKnownFileType = text.plist.xml; path = Info.plist; sourceTree = "<group>"; };
/* End PBXFileReference section */

/* Begin PBXFrameworksBuildPhase section */
		C9ACE59A1D1D056A00647D4F /* Frameworks */ = {
			isa = PBXFrameworksBuildPhase;
			buildActionMask = 2147483647;
			files = (
			);
			runOnlyForDeploymentPostprocessing = 0;
		};
/* End PBXFrameworksBuildPhase section */

/* Begin PBXGroup section */
		C9ACE5941D1D056A00647D4F = {
			isa = PBXGroup;
			children = (
				C9ACE59F1D1D056A00647D4F /* RuntimeTest */,
				C9ACE59E1D1D056A00647D4F /* Products */,
			);
			sourceTree = "<group>";
		};
		C9ACE59E1D1D056A00647D4F /* Products */ = {
			isa = PBXGroup;
			children = (
				C9ACE59D1D1D056A00647D4F /* RuntimeTest.app */,
			);
			name = Products;
			sourceTree = "<group>";
		};
		C9ACE59F1D1D056A00647D4F /* RuntimeTest */ = {
			isa = PBXGroup;
			children = (
				C9ACE5A31D1D056A00647D4F /* AppDelegate.h */,
				C9ACE5A41D1D056A00647D4F /* AppDelegate.m */,
				C9ACE5A61D1D056A00647D4F /* ViewController.h */,
				C9ACE5A71D1D056A00647D4F /* ViewController.m */,
				C9ACE5A91D1D056A00647D4F /* Main.storyboard */,
				C9ACE5AF1D1D056A00647D4F /* Assets.xcassets */,
				C9ACE5B11D1D056A00647D4F /* LaunchScreen.storyboard */,
				C9ACE5B41D1D056A00647D4F /* Info.plist */,
				C9ACE5AC1D1D056A00647D4F /* RuntimeTest.xcdatamodeld */,
				C9ACE5A01D1D056A00647D4F /* Supporting Files */,
			);
			path = RuntimeTest;
			sourceTree = "<group>";
		};
		C9ACE5A01D1D056A00647D4F /* Supporting Files */ = {
			isa = PBXGroup;
			children = (
				C9ACE5A11D1D056A00647D4F /* main.m */,
			);
			name = "Supporting Files";
			sourceTree = "<group>";
		};
/* End PBXGroup section */

/* Begin PBXNativeTarget section */
		C9ACE59C1D1D056A00647D4F /* RuntimeTest */ = {
			isa = PBXNativeTarget;
			buildConfigurationList = C9ACE5B71D1D056A00647D4F /* Build configuration list for PBXNativeTarget "RuntimeTest" */;
			buildPhases = (
				C9ACE5991D1D056A00647D4F /* Sources */,
				C9ACE59A1D1D056A00647D4F /* Frameworks */,
				C9ACE59B1D1D056A00647D4F /* Resources */,
			);
			buildRules = (
			);
			dependencies = (
			);
			name = RuntimeTest;
			productName = RuntimeTest;
			productReference = C9ACE59D1D1D056A00647D4F /* RuntimeTest.app */;
			productType = "com.apple.product-type.application";
		};
/* End PBXNativeTarget section */

/* Begin PBXProject section */
		C9ACE5951D1D056A00647D4F /* Project object */ = {
			isa = PBXProject;
			attributes = {
				LastUpgradeCheck = 0730;
				ORGANIZATIONNAME = hxl;
				TargetAttributes = {
					C9ACE59C1D1D056A00647D4F = {
						CreatedOnToolsVersion = 7.3;
					};
				};
			};
			buildConfigurationList = C9ACE5981D1D056A00647D4F /* Build configuration list for PBXProject "RuntimeTest" */;
			compatibilityVersion = "Xcode 3.2";
			developmentRegion = English;
			hasScannedForEncodings = 0;
			knownRegions = (
				en,
				Base,
			);
			mainGroup = C9ACE5941D1D056A00647D4F;
			productRefGroup = C9ACE59E1D1D056A00647D4F /* Products */;
			projectDirPath = "";
			projectRoot = "";
			targets = (
				C9ACE59C1D1D056A00647D4F /* RuntimeTest */,
			);
		};
/* End PBXProject section */

/* Begin PBXResourcesBuildPhase section */
		C9ACE59B1D1D056A00647D4F /* Resources */ = {
			isa = PBXResourcesBuildPhase;
			buildActionMask = 2147483647;
			files = (
				C9ACE5B31D1D056A00647D4F /* LaunchScreen.storyboard in Resources */,
				C9ACE5B01D1D056A00647D4F /* Assets.xcassets in Resources */,
				C9ACE5AB1D1D056A00647D4F /* Main.storyboard in Resources */,
			);
			runOnlyForDeploymentPostprocessing = 0;
		};
/* End PBXResourcesBuildPhase section */

/* Begin PBXSourcesBuildPhase section */
		C9ACE5991D1D056A00647D4F /* Sources */ = {
			isa = PBXSourcesBuildPhase;
			buildActionMask = 2147483647;
			files = (
				C9ACE5AE1D1D056A00647D4F /* RuntimeTest.xcdatamodeld in Sources */,
				C9ACE5A81D1D056A00647D4F /* ViewController.m in Sources */,
				C9ACE5A51D1D056A00647D4F /* AppDelegate.m in Sources */,
				C9ACE5A21D1D056A00647D4F /* main.m in Sources */,
			);
			runOnlyForDeploymentPostprocessing = 0;
		};
/* End PBXSourcesBuildPhase section */

/* Begin PBXVariantGroup section */
		C9ACE5A91D1D056A00647D4F /* Main.storyboard */ = {
			isa = PBXVariantGroup;
			children = (
				C9ACE5AA1D1D056A00647D4F /* Base */,
			);
			name = Main.storyboard;
			sourceTree = "<group>";
		};
		C9ACE5B11D1D056A00647D4F /* LaunchScreen.storyboard */ = {
			isa = PBXVariantGroup;
			children = (
				C9ACE5B21D1D056A00647D4F /* Base */,
			);
			name = LaunchScreen.storyboard;
			sourceTree = "<group>";
		};
/* End PBXVariantGroup section */

/* Begin XCBuildConfiguration section */
		C9ACE5B51D1D056A00647D4F /* Debug */ = {
			isa = XCBuildConfiguration;
			buildSettings = {
				ALWAYS_SEARCH_USER_PATHS = NO;
				CLANG_ANALYZER_NONNULL = YES;
				CLANG_CXX_LANGUAGE_STANDARD = "gnu++0x";
				CLANG_CXX_LIBRARY = "libc++";
				CLANG_ENABLE_MODULES = YES;
				CLANG_ENABLE_OBJC_ARC = YES;
				CLANG_WARN_BOOL_CONVERSION = YES;
				CLANG_WARN_CONSTANT_CONVERSION = YES;
				CLANG_WARN_DIRECT_OBJC_ISA_USAGE = YES_ERROR;
				CLANG_WARN_EMPTY_BODY = YES;
				CLANG_WARN_ENUM_CONVERSION = YES;
				CLANG_WARN_INT_CONVERSION = YES;
				CLANG_WARN_OBJC_ROOT_CLASS = YES_ERROR;
				CLANG_WARN_UNREACHABLE_CODE = YES;
				CLANG_WARN__DUPLICATE_METHOD_MATCH = YES;
				"CODE_SIGN_IDENTITY[sdk=iphoneos*]" = "iPhone Developer";
				COPY_PHASE_STRIP = NO;
				DEBUG_INFORMATION_FORMAT = dwarf;
				ENABLE_STRICT_OBJC_MSGSEND = YES;
				ENABLE_TESTABILITY = YES;
				GCC_C_LANGUAGE_STANDARD = gnu99;
				GCC_DYNAMIC_NO_PIC = NO;
				GCC_NO_COMMON_BLOCKS = YES;
				GCC_OPTIMIZATION_LEVEL = 0;
				GCC_PREPROCESSOR_DEFINITIONS = (
					"DEBUG=1",
					"$(inherited)",
				);
				GCC_WARN_64_TO_32_BIT_CONVERSION = YES;
				GCC_WARN_ABOUT_RETURN_TYPE = YES_ERROR;
				GCC_WARN_UNDECLARED_SELECTOR = YES;
				GCC_WARN_UNINITIALIZED_AUTOS = YES_AGGRESSIVE;
				GCC_WARN_UNUSED_FUNCTION = YES;
				GCC_WARN_UNUSED_VARIABLE = YES;
				IPHONEOS_DEPLOYMENT_TARGET = 9.3;
				MTL_ENABLE_DEBUG_INFO = YES;
				ONLY_ACTIVE_ARCH = YES;
				SDKROOT = iphoneos;
			};
			name = Debug;
		};
		C9ACE5B61D1D056A00647D4F /* Release */ = {
			isa = XCBuildConfiguration;
			buildSettings = {
				ALWAYS_SEARCH_USER_PATHS = NO;
				CLANG_ANALYZER_NONNULL = YES;
				CLANG_CXX_LANGUAGE_STANDARD = "gnu++0x";
				CLANG_CXX_LIBRARY = "libc++";
				CLANG_ENABLE_MODULES = YES;
				CLANG_ENABLE_OBJC_ARC = YES;
				CLANG_WARN_BOOL_CONVERSION = YES;
				CLANG_WARN_CONSTANT_CONVERSION = YES;
				CLANG_WARN_DIRECT_OBJC_ISA_USAGE = YES_ERROR;
				CLANG_WARN_EMPTY_BODY = YES;
				CLANG_WARN_ENUM_CONVERSION = YES;
				CLANG_WARN_INT_CONVERSION = YES;
				CLANG_WARN_OBJC_ROOT_CLASS = YES_ERROR;
				CLANG_WARN_UNREACHABLE_CODE = YES;
				CLANG_WARN__DUPLICATE_METHOD_MATCH = YES;
				"CODE_SIGN_IDENTITY[sdk=iphoneos*]" = "iPhone Developer";
				COPY_PHASE_STRIP = NO;
				DEBUG_INFORMATION_FORMAT = "dwarf-with-dsym";
				ENABLE_NS_ASSERTIONS = NO;
				ENABLE_STRICT_OBJC_MSGSEND = YES;
				GCC_C_LANGUAGE_STANDARD = gnu99;
				GCC_NO_COMMON_BLOCKS = YES;
				GCC_WARN_64_TO_32_BIT_CONVERSION = YES;
				GCC_WARN_ABOUT_RETURN_TYPE = YES_ERROR;
				GCC_WARN_UNDECLARED_SELECTOR = YES;
				GCC_WARN_UNINITIALIZED_AUTOS = YES_AGGRESSIVE;
				GCC_WARN_UNUSED_FUNCTION = YES;
				GCC_WARN_UNUSED_VARIABLE = YES;
				IPHONEOS_DEPLOYMENT_TARGET = 9.3;
				MTL_ENABLE_DEBUG_INFO = NO;
				SDKROOT = iphoneos;
				VALIDATE_PRODUCT = YES;
			};
			name = Release;
		};
		C9ACE5B81D1D056A00647D4F /* Debug */ = {
			isa = XCBuildConfiguration;
			buildSettings = {
				ASSETCATALOG_COMPILER_APPICON_NAME = AppIcon;
				INFOPLIST_FILE = RuntimeTest/Info.plist;
				LD_RUNPATH_SEARCH_PATHS = "$(inherited) @executable_path/Frameworks";
				PRODUCT_BUNDLE_IDENTIFIER = hxl.RuntimeTest;
				PRODUCT_NAME = "$(TARGET_NAME)";
			};
			name = Debug;
		};
		C9ACE5B91D1D056A00647D4F /* Release */ = {
			isa = XCBuildConfiguration;
			buildSettings = {
				ASSETCATALOG_COMPILER_APPICON_NAME = AppIcon;
				INFOPLIST_FILE = RuntimeTest/Info.plist;
				LD_RUNPATH_SEARCH_PATHS = "$(inherited) @executable_path/Frameworks";
				PRODUCT_BUNDLE_IDENTIFIER = hxl.RuntimeTest;
				PRODUCT_NAME = "$(TARGET_NAME)";
			};
			name = Release;
		};
/* End XCBuildConfiguration section */

/* Begin XCConfigurationList section */
		C9ACE5981D1D056A00647D4F /* Build configuration list for PBXProject "RuntimeTest" */ = {
			isa = XCConfigurationList;
			buildConfigurations = (
				C9ACE5B51D1D056A00647D4F /* Debug */,
				C9ACE5B61D1D056A00647D4F /* Release */,
			);
			defaultConfigurationIsVisible = 0;
			defaultConfigurationName = Release;
		};
		C9ACE5B71D1D056A00647D4F /* Build configuration list for PBXNativeTarget "RuntimeTest" */ = {
			isa = XCConfigurationList;
			buildConfigurations = (
				C9ACE5B81D1D056A00647D4F /* Debug */,
				C9ACE5B91D1D056A00647D4F /* Release */,
			);
			defaultConfigurationIsVisible = 0;
		};
/* End XCConfigurationList section */

/* Begin XCVersionGroup section */
		C9ACE5AC1D1D056A00647D4F /* RuntimeTest.xcdatamodeld */ = {
			isa = XCVersionGroup;
			children = (
				C9ACE5AD1D1D056A00647D4F /* RuntimeTest.xcdatamodel */,
			);
			currentVersion = C9ACE5AD1D1D056A00647D4F /* RuntimeTest.xcdatamodel */;
			path = RuntimeTest.xcdatamodeld;
			sourceTree = "<group>";
			versionGroupType = wrapper.xcdatamodel;
		};
/* End XCVersionGroup section */
	};
	rootObject = C9ACE5951D1D056A00647D4F /* Project object */;
}
