// !$*UTF8*$!
{
	archiveVersion = 1;
	classes = {
	};
	objectVersion = 46;
	objects = {

/* Begin PBXBuildFile section */
		C988B8791CB60E29008ABE2B /* main.m in Sources */ = {isa = PBXBuildFile; fileRef = C988B8781CB60E29008ABE2B /* main.m */; };
		C988B87C1CB60E29008ABE2B /* AppDelegate.m in Sources */ = {isa = PBXBuildFile; fileRef = C988B87B1CB60E29008ABE2B /* AppDelegate.m */; };
		C988B87F1CB60E29008ABE2B /* ViewController.m in Sources */ = {isa = PBXBuildFile; fileRef = C988B87E1CB60E29008ABE2B /* ViewController.m */; };
		C988B8821CB60E29008ABE2B /* Main.storyboard in Resources */ = {isa = PBXBuildFile; fileRef = C988B8801CB60E29008ABE2B /* Main.storyboard */; };
		C988B8851CB60E29008ABE2B /* Learn1.xcdatamodeld in Sources */ = {isa = PBXBuildFile; fileRef = C988B8831CB60E29008ABE2B /* Learn1.xcdatamodeld */; };
		C988B8871CB60E29008ABE2B /* Assets.xcassets in Resources */ = {isa = PBXBuildFile; fileRef = C988B8861CB60E29008ABE2B /* Assets.xcassets */; };
		C988B88A1CB60E29008ABE2B /* LaunchScreen.storyboard in Resources */ = {isa = PBXBuildFile; fileRef = C988B8881CB60E29008ABE2B /* LaunchScreen.storyboard */; };
		C988B8921CB60E40008ABE2B /* JumpTest in Resources */ = {isa = PBXBuildFile; fileRef = C988B8911CB60E40008ABE2B /* JumpTest */; };
/* End PBXBuildFile section */

/* Begin PBXFileReference section */
		C988B8741CB60E29008ABE2B /* Learn1.app */ = {isa = PBXFileReference; explicitFileType = wrapper.application; includeInIndex = 0; name = Learn1.app; path = "/Users/hxl/Desktop/Project/test/Learn1/build/Debug-iphoneos/Learn1.app"; sourceTree = "<absolute>"; };
		C988B8781CB60E29008ABE2B /* main.m */ = {isa = PBXFileReference; lastKnownFileType = sourcecode.c.objc; path = main.m; sourceTree = "<group>"; };
		C988B87A1CB60E29008ABE2B /* AppDelegate.h */ = {isa = PBXFileReference; lastKnownFileType = sourcecode.c.h; path = AppDelegate.h; sourceTree = "<group>"; };
		C988B87B1CB60E29008ABE2B /* AppDelegate.m */ = {isa = PBXFileReference; lastKnownFileType = sourcecode.c.objc; path = AppDelegate.m; sourceTree = "<group>"; };
		C988B87D1CB60E29008ABE2B /* ViewController.h */ = {isa = PBXFileReference; lastKnownFileType = sourcecode.c.h; path = ViewController.h; sourceTree = "<group>"; };
		C988B87E1CB60E29008ABE2B /* ViewController.m */ = {isa = PBXFileReference; lastKnownFileType = sourcecode.c.objc; path = ViewController.m; sourceTree = "<group>"; };
		C988B8811CB60E29008ABE2B /* Base */ = {isa = PBXFileReference; lastKnownFileType = file.storyboard; name = Base; path = Base.lproj/Main.storyboard; sourceTree = "<group>"; };
		C988B8841CB60E29008ABE2B /* Learn1.xcdatamodel */ = {isa = PBXFileReference; lastKnownFileType = wrapper.xcdatamodel; path = Learn1.xcdatamodel; sourceTree = "<group>"; };
		C988B8861CB60E29008ABE2B /* Assets.xcassets */ = {isa = PBXFileReference; lastKnownFileType = folder.assetcatalog; path = Assets.xcassets; sourceTree = "<group>"; };
		C988B8891CB60E29008ABE2B /* Base */ = {isa = PBXFileReference; lastKnownFileType = file.storyboard; name = Base; path = Base.lproj/LaunchScreen.storyboard; sourceTree = "<group>"; };
		C988B88B1CB60E29008ABE2B /* Info.plist */ = {isa = PBXFileReference; lastKnownFileType = text.plist.xml; path = Info.plist; sourceTree = "<group>"; };
		C988B8911CB60E40008ABE2B /* JumpTest */ = {isa = PBXFileReference; lastKnownFileType = folder; name = JumpTest; path = ../JumpTest; sourceTree = "<group>"; };
/* End PBXFileReference section */

/* Begin PBXFrameworksBuildPhase section */
		C988B8711CB60E29008ABE2B /* Frameworks */ = {
			isa = PBXFrameworksBuildPhase;
			buildActionMask = 2147483647;
			files = (
			);
			runOnlyForDeploymentPostprocessing = 0;
		};
/* End PBXFrameworksBuildPhase section */

/* Begin PBXGroup section */
		C988B86B1CB60E29008ABE2B = {
			isa = PBXGroup;
			children = (
				C988B8911CB60E40008ABE2B /* JumpTest */,
				C988B8761CB60E29008ABE2B /* Learn1 */,
			);
			sourceTree = "<group>";
		};
		C988B8761CB60E29008ABE2B /* Learn1 */ = {
			isa = PBXGroup;
			children = (
				C988B87A1CB60E29008ABE2B /* AppDelegate.h */,
				C988B87B1CB60E29008ABE2B /* AppDelegate.m */,
				C988B87D1CB60E29008ABE2B /* ViewController.h */,
				C988B87E1CB60E29008ABE2B /* ViewController.m */,
				C988B8801CB60E29008ABE2B /* Main.storyboard */,
				C988B8861CB60E29008ABE2B /* Assets.xcassets */,
				C988B8881CB60E29008ABE2B /* LaunchScreen.storyboard */,
				C988B88B1CB60E29008ABE2B /* Info.plist */,
				C988B8831CB60E29008ABE2B /* Learn1.xcdatamodeld */,
				C988B8771CB60E29008ABE2B /* Supporting Files */,
			);
			path = Learn1;
			sourceTree = "<group>";
		};
		C988B8771CB60E29008ABE2B /* Supporting Files */ = {
			isa = PBXGroup;
			children = (
				C988B8781CB60E29008ABE2B /* main.m */,
			);
			name = "Supporting Files";
			sourceTree = "<group>";
		};
/* End PBXGroup section */

/* Begin PBXNativeTarget section */
		C988B8731CB60E29008ABE2B /* Learn1 */ = {
			isa = PBXNativeTarget;
			buildConfigurationList = C988B88E1CB60E29008ABE2B /* Build configuration list for PBXNativeTarget "Learn1" */;
			buildPhases = (
				C988B8701CB60E29008ABE2B /* Sources */,
				C988B8711CB60E29008ABE2B /* Frameworks */,
				C988B8721CB60E29008ABE2B /* Resources */,
			);
			buildRules = (
			);
			dependencies = (
			);
			name = Learn1;
			productName = Learn1;
			productReference = C988B8741CB60E29008ABE2B /* Learn1.app */;
			productType = "com.apple.product-type.application";
		};
/* End PBXNativeTarget section */

/* Begin PBXProject section */
		C988B86C1CB60E29008ABE2B /* Project object */ = {
			isa = PBXProject;
			attributes = {
				LastUpgradeCheck = 0720;
				ORGANIZATIONNAME = hxl;
				TargetAttributes = {
					C988B8731CB60E29008ABE2B = {
						CreatedOnToolsVersion = 7.2;
					};
				};
			};
			buildConfigurationList = C988B86F1CB60E29008ABE2B /* Build configuration list for PBXProject "Learn1" */;
			compatibilityVersion = "Xcode 3.2";
			developmentRegion = English;
			hasScannedForEncodings = 0;
			knownRegions = (
				en,
				Base,
			);
			mainGroup = C988B86B1CB60E29008ABE2B;
			productRefGroup = C988B86B1CB60E29008ABE2B;
			projectDirPath = "";
			projectRoot = "";
			targets = (
				C988B8731CB60E29008ABE2B /* Learn1 */,
			);
		};
/* End PBXProject section */

/* Begin PBXResourcesBuildPhase section */
		C988B8721CB60E29008ABE2B /* Resources */ = {
			isa = PBXResourcesBuildPhase;
			buildActionMask = 2147483647;
			files = (
				C988B8921CB60E40008ABE2B /* JumpTest in Resources */,
				C988B88A1CB60E29008ABE2B /* LaunchScreen.storyboard in Resources */,
				C988B8871CB60E29008ABE2B /* Assets.xcassets in Resources */,
				C988B8821CB60E29008ABE2B /* Main.storyboard in Resources */,
			);
			runOnlyForDeploymentPostprocessing = 0;
		};
/* End PBXResourcesBuildPhase section */

/* Begin PBXSourcesBuildPhase section */
		C988B8701CB60E29008ABE2B /* Sources */ = {
			isa = PBXSourcesBuildPhase;
			buildActionMask = 2147483647;
			files = (
				C988B87F1CB60E29008ABE2B /* ViewController.m in Sources */,
				C988B87C1CB60E29008ABE2B /* AppDelegate.m in Sources */,
				C988B8851CB60E29008ABE2B /* Learn1.xcdatamodeld in Sources */,
				C988B8791CB60E29008ABE2B /* main.m in Sources */,
			);
			runOnlyForDeploymentPostprocessing = 0;
		};
/* End PBXSourcesBuildPhase section */

/* Begin PBXVariantGroup section */
		C988B8801CB60E29008ABE2B /* Main.storyboard */ = {
			isa = PBXVariantGroup;
			children = (
				C988B8811CB60E29008ABE2B /* Base */,
			);
			name = Main.storyboard;
			sourceTree = "<group>";
		};
		C988B8881CB60E29008ABE2B /* LaunchScreen.storyboard */ = {
			isa = PBXVariantGroup;
			children = (
				C988B8891CB60E29008ABE2B /* Base */,
			);
			name = LaunchScreen.storyboard;
			sourceTree = "<group>";
		};
/* End PBXVariantGroup section */

/* Begin XCBuildConfiguration section */
		C988B88C1CB60E29008ABE2B /* Debug */ = {
			isa = XCBuildConfiguration;
			buildSettings = {
				ALWAYS_SEARCH_USER_PATHS = NO;
				CLANG_CXX_LANGUAGE_STANDARD = "gnu++0x";
				CLANG_CXX_LIBRARY = "libc++";
				CLANG_ENABLE_MODULES = YES;
				CLANG_ENABLE_OBJC_ARC = YES;
				CLANG_WARN_BOOL_CONVERSION = YES;
				CLANG_WARN_CONSTANT_CONVERSION = YES;
				CLANG_WARN_DIRECT_OBJC_ISA_USAGE = YES_ERROR;
				CLANG_WARN_EMPTY_BODY = YES;
				CLANG_WARN_ENUM_CONVERSION = YES;
				CLANG_WARN_INT_CONVERSION = YES;
				CLANG_WARN_OBJC_ROOT_CLASS = YES_ERROR;
				CLANG_WARN_UNREACHABLE_CODE = YES;
				CLANG_WARN__DUPLICATE_METHOD_MATCH = YES;
				"CODE_SIGN_IDENTITY[sdk=iphoneos*]" = "iPhone Developer";
				COPY_PHASE_STRIP = NO;
				DEBUG_INFORMATION_FORMAT = dwarf;
				ENABLE_STRICT_OBJC_MSGSEND = YES;
				ENABLE_TESTABILITY = YES;
				GCC_C_LANGUAGE_STANDARD = gnu99;
				GCC_DYNAMIC_NO_PIC = NO;
				GCC_NO_COMMON_BLOCKS = YES;
				GCC_OPTIMIZATION_LEVEL = 0;
				GCC_PREPROCESSOR_DEFINITIONS = (
					"DEBUG=1",
					"$(inherited)",
				);
				GCC_WARN_64_TO_32_BIT_CONVERSION = YES;
				GCC_WARN_ABOUT_RETURN_TYPE = YES_ERROR;
				GCC_WARN_UNDECLARED_SELECTOR = YES;
				GCC_WARN_UNINITIALIZED_AUTOS = YES_AGGRESSIVE;
				GCC_WARN_UNUSED_FUNCTION = YES;
				GCC_WARN_UNUSED_VARIABLE = YES;
				IPHONEOS_DEPLOYMENT_TARGET = 9.2;
				MTL_ENABLE_DEBUG_INFO = YES;
				ONLY_ACTIVE_ARCH = YES;
				SDKROOT = iphoneos;
			};
			name = Debug;
		};
		C988B88D1CB60E29008ABE2B /* Release */ = {
			isa = XCBuildConfiguration;
			buildSettings = {
				ALWAYS_SEARCH_USER_PATHS = NO;
				CLANG_CXX_LANGUAGE_STANDARD = "gnu++0x";
				CLANG_CXX_LIBRARY = "libc++";
				CLANG_ENABLE_MODULES = YES;
				CLANG_ENABLE_OBJC_ARC = YES;
				CLANG_WARN_BOOL_CONVERSION = YES;
				CLANG_WARN_CONSTANT_CONVERSION = YES;
				CLANG_WARN_DIRECT_OBJC_ISA_USAGE = YES_ERROR;
				CLANG_WARN_EMPTY_BODY = YES;
				CLANG_WARN_ENUM_CONVERSION = YES;
				CLANG_WARN_INT_CONVERSION = YES;
				CLANG_WARN_OBJC_ROOT_CLASS = YES_ERROR;
				CLANG_WARN_UNREACHABLE_CODE = YES;
				CLANG_WARN__DUPLICATE_METHOD_MATCH = YES;
				"CODE_SIGN_IDENTITY[sdk=iphoneos*]" = "iPhone Developer";
				COPY_PHASE_STRIP = NO;
				DEBUG_INFORMATION_FORMAT = "dwarf-with-dsym";
				ENABLE_NS_ASSERTIONS = NO;
				ENABLE_STRICT_OBJC_MSGSEND = YES;
				GCC_C_LANGUAGE_STANDARD = gnu99;
				GCC_NO_COMMON_BLOCKS = YES;
				GCC_WARN_64_TO_32_BIT_CONVERSION = YES;
				GCC_WARN_ABOUT_RETURN_TYPE = YES_ERROR;
				GCC_WARN_UNDECLARED_SELECTOR = YES;
				GCC_WARN_UNINITIALIZED_AUTOS = YES_AGGRESSIVE;
				GCC_WARN_UNUSED_FUNCTION = YES;
				GCC_WARN_UNUSED_VARIABLE = YES;
				IPHONEOS_DEPLOYMENT_TARGET = 9.2;
				MTL_ENABLE_DEBUG_INFO = NO;
				SDKROOT = iphoneos;
				VALIDATE_PRODUCT = YES;
			};
			name = Release;
		};
		C988B88F1CB60E29008ABE2B /* Debug */ = {
			isa = XCBuildConfiguration;
			buildSettings = {
				ASSETCATALOG_COMPILER_APPICON_NAME = AppIcon;
				INFOPLIST_FILE = Learn1/Info.plist;
				LD_RUNPATH_SEARCH_PATHS = "$(inherited) @executable_path/Frameworks";
				PRODUCT_BUNDLE_IDENTIFIER = hxl.Learn1;
				PRODUCT_NAME = "$(TARGET_NAME)";
			};
			name = Debug;
		};
		C988B8901CB60E29008ABE2B /* Release */ = {
			isa = XCBuildConfiguration;
			buildSettings = {
				ASSETCATALOG_COMPILER_APPICON_NAME = AppIcon;
				INFOPLIST_FILE = Learn1/Info.plist;
				LD_RUNPATH_SEARCH_PATHS = "$(inherited) @executable_path/Frameworks";
				PRODUCT_BUNDLE_IDENTIFIER = hxl.Learn1;
				PRODUCT_NAME = "$(TARGET_NAME)";
			};
			name = Release;
		};
/* End XCBuildConfiguration section */

/* Begin XCConfigurationList section */
		C988B86F1CB60E29008ABE2B /* Build configuration list for PBXProject "Learn1" */ = {
			isa = XCConfigurationList;
			buildConfigurations = (
				C988B88C1CB60E29008ABE2B /* Debug */,
				C988B88D1CB60E29008ABE2B /* Release */,
			);
			defaultConfigurationIsVisible = 0;
			defaultConfigurationName = Release;
		};
		C988B88E1CB60E29008ABE2B /* Build configuration list for PBXNativeTarget "Learn1" */ = {
			isa = XCConfigurationList;
			buildConfigurations = (
				C988B88F1CB60E29008ABE2B /* Debug */,
				C988B8901CB60E29008ABE2B /* Release */,
			);
			defaultConfigurationIsVisible = 0;
		};
/* End XCConfigurationList section */

/* Begin XCVersionGroup section */
		C988B8831CB60E29008ABE2B /* Learn1.xcdatamodeld */ = {
			isa = XCVersionGroup;
			children = (
				C988B8841CB60E29008ABE2B /* Learn1.xcdatamodel */,
			);
			currentVersion = C988B8841CB60E29008ABE2B /* Learn1.xcdatamodel */;
			path = Learn1.xcdatamodeld;
			sourceTree = "<group>";
			versionGroupType = wrapper.xcdatamodel;
		};
/* End XCVersionGroup section */
	};
	rootObject = C988B86C1CB60E29008ABE2B /* Project object */;
}
