// !$*UTF8*$!
{
	archiveVersion = 1;
	classes = {
	};
	objectVersion = 46;
	objects = {

/* Begin PBXBuildFile section */
		C9B114E21CB7B3E00075D867 /* main.m in Sources */ = {isa = PBXBuildFile; fileRef = C9B114E11CB7B3E00075D867 /* main.m */; };
		C9B114E51CB7B3E00075D867 /* AppDelegate.m in Sources */ = {isa = PBXBuildFile; fileRef = C9B114E41CB7B3E00075D867 /* AppDelegate.m */; };
		C9B114E81CB7B3E00075D867 /* ViewController.m in Sources */ = {isa = PBXBuildFile; fileRef = C9B114E71CB7B3E00075D867 /* ViewController.m */; };
		C9B114EB1CB7B3E00075D867 /* Main.storyboard in Resources */ = {isa = PBXBuildFile; fileRef = C9B114E91CB7B3E00075D867 /* Main.storyboard */; };
		C9B114EE1CB7B3E00075D867 /* TitleBarTest.xcdatamodeld in Sources */ = {isa = PBXBuildFile; fileRef = C9B114EC1CB7B3E00075D867 /* TitleBarTest.xcdatamodeld */; };
		C9B114F01CB7B3E00075D867 /* Assets.xcassets in Resources */ = {isa = PBXBuildFile; fileRef = C9B114EF1CB7B3E00075D867 /* Assets.xcassets */; };
		C9B114F31CB7B3E00075D867 /* LaunchScreen.storyboard in Resources */ = {isa = PBXBuildFile; fileRef = C9B114F11CB7B3E00075D867 /* LaunchScreen.storyboard */; };
/* End PBXBuildFile section */

/* Begin PBXFileReference section */
		C9B114DD1CB7B3E00075D867 /* TitleBarTest.app */ = {isa = PBXFileReference; explicitFileType = wrapper.application; includeInIndex = 0; path = TitleBarTest.app; sourceTree = BUILT_PRODUCTS_DIR; };
		C9B114E11CB7B3E00075D867 /* main.m */ = {isa = PBXFileReference; lastKnownFileType = sourcecode.c.objc; path = main.m; sourceTree = "<group>"; };
		C9B114E31CB7B3E00075D867 /* AppDelegate.h */ = {isa = PBXFileReference; lastKnownFileType = sourcecode.c.h; path = AppDelegate.h; sourceTree = "<group>"; };
		C9B114E41CB7B3E00075D867 /* AppDelegate.m */ = {isa = PBXFileReference; lastKnownFileType = sourcecode.c.objc; path = AppDelegate.m; sourceTree = "<group>"; };
		C9B114E61CB7B3E00075D867 /* ViewController.h */ = {isa = PBXFileReference; lastKnownFileType = sourcecode.c.h; path = ViewController.h; sourceTree = "<group>"; };
		C9B114E71CB7B3E00075D867 /* ViewController.m */ = {isa = PBXFileReference; lastKnownFileType = sourcecode.c.objc; path = ViewController.m; sourceTree = "<group>"; };
		C9B114EA1CB7B3E00075D867 /* Base */ = {isa = PBXFileReference; lastKnownFileType = file.storyboard; name = Base; path = Base.lproj/Main.storyboard; sourceTree = "<group>"; };
		C9B114ED1CB7B3E00075D867 /* TitleBarTest.xcdatamodel */ = {isa = PBXFileReference; lastKnownFileType = wrapper.xcdatamodel; path = TitleBarTest.xcdatamodel; sourceTree = "<group>"; };
		C9B114EF1CB7B3E00075D867 /* Assets.xcassets */ = {isa = PBXFileReference; lastKnownFileType = folder.assetcatalog; path = Assets.xcassets; sourceTree = "<group>"; };
		C9B114F21CB7B3E00075D867 /* Base */ = {isa = PBXFileReference; lastKnownFileType = file.storyboard; name = Base; path = Base.lproj/LaunchScreen.storyboard; sourceTree = "<group>"; };
		C9B114F41CB7B3E00075D867 /* Info.plist */ = {isa = PBXFileReference; lastKnownFileType = text.plist.xml; path = Info.plist; sourceTree = "<group>"; };
/* End PBXFileReference section */

/* Begin PBXFrameworksBuildPhase section */
		C9B114DA1CB7B3E00075D867 /* Frameworks */ = {
			isa = PBXFrameworksBuildPhase;
			buildActionMask = 2147483647;
			files = (
			);
			runOnlyForDeploymentPostprocessing = 0;
		};
/* End PBXFrameworksBuildPhase section */

/* Begin PBXGroup section */
		C9B114D41CB7B3E00075D867 = {
			isa = PBXGroup;
			children = (
				C9B114DF1CB7B3E00075D867 /* TitleBarTest */,
				C9B114DE1CB7B3E00075D867 /* Products */,
			);
			sourceTree = "<group>";
		};
		C9B114DE1CB7B3E00075D867 /* Products */ = {
			isa = PBXGroup;
			children = (
				C9B114DD1CB7B3E00075D867 /* TitleBarTest.app */,
			);
			name = Products;
			sourceTree = "<group>";
		};
		C9B114DF1CB7B3E00075D867 /* TitleBarTest */ = {
			isa = PBXGroup;
			children = (
				C9B114E31CB7B3E00075D867 /* AppDelegate.h */,
				C9B114E41CB7B3E00075D867 /* AppDelegate.m */,
				C9B114E61CB7B3E00075D867 /* ViewController.h */,
				C9B114E71CB7B3E00075D867 /* ViewController.m */,
				C9B114E91CB7B3E00075D867 /* Main.storyboard */,
				C9B114EF1CB7B3E00075D867 /* Assets.xcassets */,
				C9B114F11CB7B3E00075D867 /* LaunchScreen.storyboard */,
				C9B114F41CB7B3E00075D867 /* Info.plist */,
				C9B114EC1CB7B3E00075D867 /* TitleBarTest.xcdatamodeld */,
				C9B114E01CB7B3E00075D867 /* Supporting Files */,
			);
			path = TitleBarTest;
			sourceTree = "<group>";
		};
		C9B114E01CB7B3E00075D867 /* Supporting Files */ = {
			isa = PBXGroup;
			children = (
				C9B114E11CB7B3E00075D867 /* main.m */,
			);
			name = "Supporting Files";
			sourceTree = "<group>";
		};
/* End PBXGroup section */

/* Begin PBXNativeTarget section */
		C9B114DC1CB7B3E00075D867 /* TitleBarTest */ = {
			isa = PBXNativeTarget;
			buildConfigurationList = C9B114F71CB7B3E00075D867 /* Build configuration list for PBXNativeTarget "TitleBarTest" */;
			buildPhases = (
				C9B114D91CB7B3E00075D867 /* Sources */,
				C9B114DA1CB7B3E00075D867 /* Frameworks */,
				C9B114DB1CB7B3E00075D867 /* Resources */,
			);
			buildRules = (
			);
			dependencies = (
			);
			name = TitleBarTest;
			productName = TitleBarTest;
			productReference = C9B114DD1CB7B3E00075D867 /* TitleBarTest.app */;
			productType = "com.apple.product-type.application";
		};
/* End PBXNativeTarget section */

/* Begin PBXProject section */
		C9B114D51CB7B3E00075D867 /* Project object */ = {
			isa = PBXProject;
			attributes = {
				LastUpgradeCheck = 0720;
				ORGANIZATIONNAME = hxl;
				TargetAttributes = {
					C9B114DC1CB7B3E00075D867 = {
						CreatedOnToolsVersion = 7.2;
					};
				};
			};
			buildConfigurationList = C9B114D81CB7B3E00075D867 /* Build configuration list for PBXProject "TitleBarTest" */;
			compatibilityVersion = "Xcode 3.2";
			developmentRegion = English;
			hasScannedForEncodings = 0;
			knownRegions = (
				en,
				Base,
			);
			mainGroup = C9B114D41CB7B3E00075D867;
			productRefGroup = C9B114DE1CB7B3E00075D867 /* Products */;
			projectDirPath = "";
			projectRoot = "";
			targets = (
				C9B114DC1CB7B3E00075D867 /* TitleBarTest */,
			);
		};
/* End PBXProject section */

/* Begin PBXResourcesBuildPhase section */
		C9B114DB1CB7B3E00075D867 /* Resources */ = {
			isa = PBXResourcesBuildPhase;
			buildActionMask = 2147483647;
			files = (
				C9B114F31CB7B3E00075D867 /* LaunchScreen.storyboard in Resources */,
				C9B114F01CB7B3E00075D867 /* Assets.xcassets in Resources */,
				C9B114EB1CB7B3E00075D867 /* Main.storyboard in Resources */,
			);
			runOnlyForDeploymentPostprocessing = 0;
		};
/* End PBXResourcesBuildPhase section */

/* Begin PBXSourcesBuildPhase section */
		C9B114D91CB7B3E00075D867 /* Sources */ = {
			isa = PBXSourcesBuildPhase;
			buildActionMask = 2147483647;
			files = (
				C9B114EE1CB7B3E00075D867 /* TitleBarTest.xcdatamodeld in Sources */,
				C9B114E81CB7B3E00075D867 /* ViewController.m in Sources */,
				C9B114E51CB7B3E00075D867 /* AppDelegate.m in Sources */,
				C9B114E21CB7B3E00075D867 /* main.m in Sources */,
			);
			runOnlyForDeploymentPostprocessing = 0;
		};
/* End PBXSourcesBuildPhase section */

/* Begin PBXVariantGroup section */
		C9B114E91CB7B3E00075D867 /* Main.storyboard */ = {
			isa = PBXVariantGroup;
			children = (
				C9B114EA1CB7B3E00075D867 /* Base */,
			);
			name = Main.storyboard;
			sourceTree = "<group>";
		};
		C9B114F11CB7B3E00075D867 /* LaunchScreen.storyboard */ = {
			isa = PBXVariantGroup;
			children = (
				C9B114F21CB7B3E00075D867 /* Base */,
			);
			name = LaunchScreen.storyboard;
			sourceTree = "<group>";
		};
/* End PBXVariantGroup section */

/* Begin XCBuildConfiguration section */
		C9B114F51CB7B3E00075D867 /* Debug */ = {
			isa = XCBuildConfiguration;
			buildSettings = {
				ALWAYS_SEARCH_USER_PATHS = NO;
				CLANG_CXX_LANGUAGE_STANDARD = "gnu++0x";
				CLANG_CXX_LIBRARY = "libc++";
				CLANG_ENABLE_MODULES = YES;
				CLANG_ENABLE_OBJC_ARC = YES;
				CLANG_WARN_BOOL_CONVERSION = YES;
				CLANG_WARN_CONSTANT_CONVERSION = YES;
				CLANG_WARN_DIRECT_OBJC_ISA_USAGE = YES_ERROR;
				CLANG_WARN_EMPTY_BODY = YES;
				CLANG_WARN_ENUM_CONVERSION = YES;
				CLANG_WARN_INT_CONVERSION = YES;
				CLANG_WARN_OBJC_ROOT_CLASS = YES_ERROR;
				CLANG_WARN_UNREACHABLE_CODE = YES;
				CLANG_WARN__DUPLICATE_METHOD_MATCH = YES;
				"CODE_SIGN_IDENTITY[sdk=iphoneos*]" = "iPhone Developer";
				COPY_PHASE_STRIP = NO;
				DEBUG_INFORMATION_FORMAT = dwarf;
				ENABLE_STRICT_OBJC_MSGSEND = YES;
				ENABLE_TESTABILITY = YES;
				GCC_C_LANGUAGE_STANDARD = gnu99;
				GCC_DYNAMIC_NO_PIC = NO;
				GCC_NO_COMMON_BLOCKS = YES;
				GCC_OPTIMIZATION_LEVEL = 0;
				GCC_PREPROCESSOR_DEFINITIONS = (
					"DEBUG=1",
					"$(inherited)",
				);
				GCC_WARN_64_TO_32_BIT_CONVERSION = YES;
				GCC_WARN_ABOUT_RETURN_TYPE = YES_ERROR;
				GCC_WARN_UNDECLARED_SELECTOR = YES;
				GCC_WARN_UNINITIALIZED_AUTOS = YES_AGGRESSIVE;
				GCC_WARN_UNUSED_FUNCTION = YES;
				GCC_WARN_UNUSED_VARIABLE = YES;
				IPHONEOS_DEPLOYMENT_TARGET = 9.2;
				MTL_ENABLE_DEBUG_INFO = YES;
				ONLY_ACTIVE_ARCH = YES;
				SDKROOT = iphoneos;
			};
			name = Debug;
		};
		C9B114F61CB7B3E00075D867 /* Release */ = {
			isa = XCBuildConfiguration;
			buildSettings = {
				ALWAYS_SEARCH_USER_PATHS = NO;
				CLANG_CXX_LANGUAGE_STANDARD = "gnu++0x";
				CLANG_CXX_LIBRARY = "libc++";
				CLANG_ENABLE_MODULES = YES;
				CLANG_ENABLE_OBJC_ARC = YES;
				CLANG_WARN_BOOL_CONVERSION = YES;
				CLANG_WARN_CONSTANT_CONVERSION = YES;
				CLANG_WARN_DIRECT_OBJC_ISA_USAGE = YES_ERROR;
				CLANG_WARN_EMPTY_BODY = YES;
				CLANG_WARN_ENUM_CONVERSION = YES;
				CLANG_WARN_INT_CONVERSION = YES;
				CLANG_WARN_OBJC_ROOT_CLASS = YES_ERROR;
				CLANG_WARN_UNREACHABLE_CODE = YES;
				CLANG_WARN__DUPLICATE_METHOD_MATCH = YES;
				"CODE_SIGN_IDENTITY[sdk=iphoneos*]" = "iPhone Developer";
				COPY_PHASE_STRIP = NO;
				DEBUG_INFORMATION_FORMAT = "dwarf-with-dsym";
				ENABLE_NS_ASSERTIONS = NO;
				ENABLE_STRICT_OBJC_MSGSEND = YES;
				GCC_C_LANGUAGE_STANDARD = gnu99;
				GCC_NO_COMMON_BLOCKS = YES;
				GCC_WARN_64_TO_32_BIT_CONVERSION = YES;
				GCC_WARN_ABOUT_RETURN_TYPE = YES_ERROR;
				GCC_WARN_UNDECLARED_SELECTOR = YES;
				GCC_WARN_UNINITIALIZED_AUTOS = YES_AGGRESSIVE;
				GCC_WARN_UNUSED_FUNCTION = YES;
				GCC_WARN_UNUSED_VARIABLE = YES;
				IPHONEOS_DEPLOYMENT_TARGET = 9.2;
				MTL_ENABLE_DEBUG_INFO = NO;
				SDKROOT = iphoneos;
				VALIDATE_PRODUCT = YES;
			};
			name = Release;
		};
		C9B114F81CB7B3E00075D867 /* Debug */ = {
			isa = XCBuildConfiguration;
			buildSettings = {
				ASSETCATALOG_COMPILER_APPICON_NAME = AppIcon;
				INFOPLIST_FILE = TitleBarTest/Info.plist;
				LD_RUNPATH_SEARCH_PATHS = "$(inherited) @executable_path/Frameworks";
				PRODUCT_BUNDLE_IDENTIFIER = hxl.TitleBarTest;
				PRODUCT_NAME = "$(TARGET_NAME)";
			};
			name = Debug;
		};
		C9B114F91CB7B3E00075D867 /* Release */ = {
			isa = XCBuildConfiguration;
			buildSettings = {
				ASSETCATALOG_COMPILER_APPICON_NAME = AppIcon;
				INFOPLIST_FILE = TitleBarTest/Info.plist;
				LD_RUNPATH_SEARCH_PATHS = "$(inherited) @executable_path/Frameworks";
				PRODUCT_BUNDLE_IDENTIFIER = hxl.TitleBarTest;
				PRODUCT_NAME = "$(TARGET_NAME)";
			};
			name = Release;
		};
/* End XCBuildConfiguration section */

/* Begin XCConfigurationList section */
		C9B114D81CB7B3E00075D867 /* Build configuration list for PBXProject "TitleBarTest" */ = {
			isa = XCConfigurationList;
			buildConfigurations = (
				C9B114F51CB7B3E00075D867 /* Debug */,
				C9B114F61CB7B3E00075D867 /* Release */,
			);
			defaultConfigurationIsVisible = 0;
			defaultConfigurationName = Release;
		};
		C9B114F71CB7B3E00075D867 /* Build configuration list for PBXNativeTarget "TitleBarTest" */ = {
			isa = XCConfigurationList;
			buildConfigurations = (
				C9B114F81CB7B3E00075D867 /* Debug */,
				C9B114F91CB7B3E00075D867 /* Release */,
			);
			defaultConfigurationIsVisible = 0;
		};
/* End XCConfigurationList section */

/* Begin XCVersionGroup section */
		C9B114EC1CB7B3E00075D867 /* TitleBarTest.xcdatamodeld */ = {
			isa = XCVersionGroup;
			children = (
				C9B114ED1CB7B3E00075D867 /* TitleBarTest.xcdatamodel */,
			);
			currentVersion = C9B114ED1CB7B3E00075D867 /* TitleBarTest.xcdatamodel */;
			path = TitleBarTest.xcdatamodeld;
			sourceTree = "<group>";
			versionGroupType = wrapper.xcdatamodel;
		};
/* End XCVersionGroup section */
	};
	rootObject = C9B114D51CB7B3E00075D867 /* Project object */;
}
