// !$*UTF8*$!
{
	archiveVersion = 1;
	classes = {
	};
	objectVersion = 46;
	objects = {

/* Begin PBXBuildFile section */
		C9D20F701CBBB4FF006F6DD3 /* main.m in Sources */ = {isa = PBXBuildFile; fileRef = C9D20F6F1CBBB4FF006F6DD3 /* main.m */; };
		C9D20F731CBBB4FF006F6DD3 /* AppDelegate.m in Sources */ = {isa = PBXBuildFile; fileRef = C9D20F721CBBB4FF006F6DD3 /* AppDelegate.m */; };
		C9D20F761CBBB4FF006F6DD3 /* ViewController.m in Sources */ = {isa = PBXBuildFile; fileRef = C9D20F751CBBB4FF006F6DD3 /* ViewController.m */; };
		C9D20F791CBBB4FF006F6DD3 /* Main.storyboard in Resources */ = {isa = PBXBuildFile; fileRef = C9D20F771CBBB4FF006F6DD3 /* Main.storyboard */; };
		C9D20F7C1CBBB4FF006F6DD3 /* EventTest.xcdatamodeld in Sources */ = {isa = PBXBuildFile; fileRef = C9D20F7A1CBBB4FF006F6DD3 /* EventTest.xcdatamodeld */; };
		C9D20F7E1CBBB4FF006F6DD3 /* Assets.xcassets in Resources */ = {isa = PBXBuildFile; fileRef = C9D20F7D1CBBB4FF006F6DD3 /* Assets.xcassets */; };
		C9D20F811CBBB4FF006F6DD3 /* LaunchScreen.storyboard in Resources */ = {isa = PBXBuildFile; fileRef = C9D20F7F1CBBB4FF006F6DD3 /* LaunchScreen.storyboard */; };
		C9D20F8E1CBCD363006F6DD3 /* MyUITextField.m in Sources */ = {isa = PBXBuildFile; fileRef = C9D20F8D1CBCD363006F6DD3 /* MyUITextField.m */; };
/* End PBXBuildFile section */

/* Begin PBXFileReference section */
		C9D20F6B1CBBB4FF006F6DD3 /* EventTest.app */ = {isa = PBXFileReference; explicitFileType = wrapper.application; includeInIndex = 0; path = EventTest.app; sourceTree = BUILT_PRODUCTS_DIR; };
		C9D20F6F1CBBB4FF006F6DD3 /* main.m */ = {isa = PBXFileReference; lastKnownFileType = sourcecode.c.objc; path = main.m; sourceTree = "<group>"; };
		C9D20F711CBBB4FF006F6DD3 /* AppDelegate.h */ = {isa = PBXFileReference; lastKnownFileType = sourcecode.c.h; path = AppDelegate.h; sourceTree = "<group>"; };
		C9D20F721CBBB4FF006F6DD3 /* AppDelegate.m */ = {isa = PBXFileReference; lastKnownFileType = sourcecode.c.objc; path = AppDelegate.m; sourceTree = "<group>"; };
		C9D20F741CBBB4FF006F6DD3 /* ViewController.h */ = {isa = PBXFileReference; lastKnownFileType = sourcecode.c.h; path = ViewController.h; sourceTree = "<group>"; };
		C9D20F751CBBB4FF006F6DD3 /* ViewController.m */ = {isa = PBXFileReference; lastKnownFileType = sourcecode.c.objc; path = ViewController.m; sourceTree = "<group>"; };
		C9D20F781CBBB4FF006F6DD3 /* Base */ = {isa = PBXFileReference; lastKnownFileType = file.storyboard; name = Base; path = Base.lproj/Main.storyboard; sourceTree = "<group>"; };
		C9D20F7B1CBBB4FF006F6DD3 /* EventTest.xcdatamodel */ = {isa = PBXFileReference; lastKnownFileType = wrapper.xcdatamodel; path = EventTest.xcdatamodel; sourceTree = "<group>"; };
		C9D20F7D1CBBB4FF006F6DD3 /* Assets.xcassets */ = {isa = PBXFileReference; lastKnownFileType = folder.assetcatalog; path = Assets.xcassets; sourceTree = "<group>"; };
		C9D20F801CBBB4FF006F6DD3 /* Base */ = {isa = PBXFileReference; lastKnownFileType = file.storyboard; name = Base; path = Base.lproj/LaunchScreen.storyboard; sourceTree = "<group>"; };
		C9D20F821CBBB4FF006F6DD3 /* Info.plist */ = {isa = PBXFileReference; lastKnownFileType = text.plist.xml; path = Info.plist; sourceTree = "<group>"; };
		C9D20F881CBC9343006F6DD3 /* PrefixHeader.pch */ = {isa = PBXFileReference; lastKnownFileType = sourcecode.c.h; name = PrefixHeader.pch; path = ../PrefixHeader.pch; sourceTree = "<group>"; };
		C9D20F8C1CBCD363006F6DD3 /* MyUITextField.h */ = {isa = PBXFileReference; fileEncoding = 4; lastKnownFileType = sourcecode.c.h; name = MyUITextField.h; path = ../../MyUITextField.h; sourceTree = "<group>"; };
		C9D20F8D1CBCD363006F6DD3 /* MyUITextField.m */ = {isa = PBXFileReference; fileEncoding = 4; lastKnownFileType = sourcecode.c.objc; name = MyUITextField.m; path = ../../MyUITextField.m; sourceTree = "<group>"; };
/* End PBXFileReference section */

/* Begin PBXFrameworksBuildPhase section */
		C9D20F681CBBB4FF006F6DD3 /* Frameworks */ = {
			isa = PBXFrameworksBuildPhase;
			buildActionMask = 2147483647;
			files = (
			);
			runOnlyForDeploymentPostprocessing = 0;
		};
/* End PBXFrameworksBuildPhase section */

/* Begin PBXGroup section */
		C9D20F621CBBB4FF006F6DD3 = {
			isa = PBXGroup;
			children = (
				C9D20F6D1CBBB4FF006F6DD3 /* EventTest */,
				C9D20F6C1CBBB4FF006F6DD3 /* Products */,
			);
			sourceTree = "<group>";
		};
		C9D20F6C1CBBB4FF006F6DD3 /* Products */ = {
			isa = PBXGroup;
			children = (
				C9D20F6B1CBBB4FF006F6DD3 /* EventTest.app */,
			);
			name = Products;
			sourceTree = "<group>";
		};
		C9D20F6D1CBBB4FF006F6DD3 /* EventTest */ = {
			isa = PBXGroup;
			children = (
				C9D20F8C1CBCD363006F6DD3 /* MyUITextField.h */,
				C9D20F8D1CBCD363006F6DD3 /* MyUITextField.m */,
				C9D20F881CBC9343006F6DD3 /* PrefixHeader.pch */,
				C9D20F711CBBB4FF006F6DD3 /* AppDelegate.h */,
				C9D20F721CBBB4FF006F6DD3 /* AppDelegate.m */,
				C9D20F741CBBB4FF006F6DD3 /* ViewController.h */,
				C9D20F751CBBB4FF006F6DD3 /* ViewController.m */,
				C9D20F771CBBB4FF006F6DD3 /* Main.storyboard */,
				C9D20F7D1CBBB4FF006F6DD3 /* Assets.xcassets */,
				C9D20F7F1CBBB4FF006F6DD3 /* LaunchScreen.storyboard */,
				C9D20F821CBBB4FF006F6DD3 /* Info.plist */,
				C9D20F7A1CBBB4FF006F6DD3 /* EventTest.xcdatamodeld */,
				C9D20F6E1CBBB4FF006F6DD3 /* Supporting Files */,
			);
			path = EventTest;
			sourceTree = "<group>";
		};
		C9D20F6E1CBBB4FF006F6DD3 /* Supporting Files */ = {
			isa = PBXGroup;
			children = (
				C9D20F6F1CBBB4FF006F6DD3 /* main.m */,
			);
			name = "Supporting Files";
			sourceTree = "<group>";
		};
/* End PBXGroup section */

/* Begin PBXNativeTarget section */
		C9D20F6A1CBBB4FF006F6DD3 /* EventTest */ = {
			isa = PBXNativeTarget;
			buildConfigurationList = C9D20F851CBBB4FF006F6DD3 /* Build configuration list for PBXNativeTarget "EventTest" */;
			buildPhases = (
				C9D20F671CBBB4FF006F6DD3 /* Sources */,
				C9D20F681CBBB4FF006F6DD3 /* Frameworks */,
				C9D20F691CBBB4FF006F6DD3 /* Resources */,
			);
			buildRules = (
			);
			dependencies = (
			);
			name = EventTest;
			productName = EventTest;
			productReference = C9D20F6B1CBBB4FF006F6DD3 /* EventTest.app */;
			productType = "com.apple.product-type.application";
		};
/* End PBXNativeTarget section */

/* Begin PBXProject section */
		C9D20F631CBBB4FF006F6DD3 /* Project object */ = {
			isa = PBXProject;
			attributes = {
				LastUpgradeCheck = 0720;
				ORGANIZATIONNAME = hxl;
				TargetAttributes = {
					C9D20F6A1CBBB4FF006F6DD3 = {
						CreatedOnToolsVersion = 7.2;
					};
				};
			};
			buildConfigurationList = C9D20F661CBBB4FF006F6DD3 /* Build configuration list for PBXProject "EventTest" */;
			compatibilityVersion = "Xcode 3.2";
			developmentRegion = English;
			hasScannedForEncodings = 0;
			knownRegions = (
				en,
				Base,
			);
			mainGroup = C9D20F621CBBB4FF006F6DD3;
			productRefGroup = C9D20F6C1CBBB4FF006F6DD3 /* Products */;
			projectDirPath = "";
			projectRoot = "";
			targets = (
				C9D20F6A1CBBB4FF006F6DD3 /* EventTest */,
			);
		};
/* End PBXProject section */

/* Begin PBXResourcesBuildPhase section */
		C9D20F691CBBB4FF006F6DD3 /* Resources */ = {
			isa = PBXResourcesBuildPhase;
			buildActionMask = 2147483647;
			files = (
				C9D20F811CBBB4FF006F6DD3 /* LaunchScreen.storyboard in Resources */,
				C9D20F7E1CBBB4FF006F6DD3 /* Assets.xcassets in Resources */,
				C9D20F791CBBB4FF006F6DD3 /* Main.storyboard in Resources */,
			);
			runOnlyForDeploymentPostprocessing = 0;
		};
/* End PBXResourcesBuildPhase section */

/* Begin PBXSourcesBuildPhase section */
		C9D20F671CBBB4FF006F6DD3 /* Sources */ = {
			isa = PBXSourcesBuildPhase;
			buildActionMask = 2147483647;
			files = (
				C9D20F8E1CBCD363006F6DD3 /* MyUITextField.m in Sources */,
				C9D20F7C1CBBB4FF006F6DD3 /* EventTest.xcdatamodeld in Sources */,
				C9D20F761CBBB4FF006F6DD3 /* ViewController.m in Sources */,
				C9D20F731CBBB4FF006F6DD3 /* AppDelegate.m in Sources */,
				C9D20F701CBBB4FF006F6DD3 /* main.m in Sources */,
			);
			runOnlyForDeploymentPostprocessing = 0;
		};
/* End PBXSourcesBuildPhase section */

/* Begin PBXVariantGroup section */
		C9D20F771CBBB4FF006F6DD3 /* Main.storyboard */ = {
			isa = PBXVariantGroup;
			children = (
				C9D20F781CBBB4FF006F6DD3 /* Base */,
			);
			name = Main.storyboard;
			sourceTree = "<group>";
		};
		C9D20F7F1CBBB4FF006F6DD3 /* LaunchScreen.storyboard */ = {
			isa = PBXVariantGroup;
			children = (
				C9D20F801CBBB4FF006F6DD3 /* Base */,
			);
			name = LaunchScreen.storyboard;
			sourceTree = "<group>";
		};
/* End PBXVariantGroup section */

/* Begin XCBuildConfiguration section */
		C9D20F831CBBB4FF006F6DD3 /* Debug */ = {
			isa = XCBuildConfiguration;
			buildSettings = {
				ALWAYS_SEARCH_USER_PATHS = NO;
				CLANG_CXX_LANGUAGE_STANDARD = "gnu++0x";
				CLANG_CXX_LIBRARY = "libc++";
				CLANG_ENABLE_MODULES = YES;
				CLANG_ENABLE_OBJC_ARC = YES;
				CLANG_WARN_BOOL_CONVERSION = YES;
				CLANG_WARN_CONSTANT_CONVERSION = YES;
				CLANG_WARN_DIRECT_OBJC_ISA_USAGE = YES_ERROR;
				CLANG_WARN_EMPTY_BODY = YES;
				CLANG_WARN_ENUM_CONVERSION = YES;
				CLANG_WARN_INT_CONVERSION = YES;
				CLANG_WARN_OBJC_ROOT_CLASS = YES_ERROR;
				CLANG_WARN_UNREACHABLE_CODE = YES;
				CLANG_WARN__DUPLICATE_METHOD_MATCH = YES;
				"CODE_SIGN_IDENTITY[sdk=iphoneos*]" = "iPhone Developer";
				COPY_PHASE_STRIP = NO;
				DEBUG_INFORMATION_FORMAT = dwarf;
				ENABLE_STRICT_OBJC_MSGSEND = YES;
				ENABLE_TESTABILITY = YES;
				GCC_C_LANGUAGE_STANDARD = gnu99;
				GCC_DYNAMIC_NO_PIC = NO;
				GCC_NO_COMMON_BLOCKS = YES;
				GCC_OPTIMIZATION_LEVEL = 0;
				GCC_PREPROCESSOR_DEFINITIONS = (
					"DEBUG=1",
					"$(inherited)",
				);
				GCC_WARN_64_TO_32_BIT_CONVERSION = YES;
				GCC_WARN_ABOUT_RETURN_TYPE = YES_ERROR;
				GCC_WARN_UNDECLARED_SELECTOR = YES;
				GCC_WARN_UNINITIALIZED_AUTOS = YES_AGGRESSIVE;
				GCC_WARN_UNUSED_FUNCTION = YES;
				GCC_WARN_UNUSED_VARIABLE = YES;
				IPHONEOS_DEPLOYMENT_TARGET = 9.2;
				MTL_ENABLE_DEBUG_INFO = YES;
				ONLY_ACTIVE_ARCH = YES;
				SDKROOT = iphoneos;
			};
			name = Debug;
		};
		C9D20F841CBBB4FF006F6DD3 /* Release */ = {
			isa = XCBuildConfiguration;
			buildSettings = {
				ALWAYS_SEARCH_USER_PATHS = NO;
				CLANG_CXX_LANGUAGE_STANDARD = "gnu++0x";
				CLANG_CXX_LIBRARY = "libc++";
				CLANG_ENABLE_MODULES = YES;
				CLANG_ENABLE_OBJC_ARC = YES;
				CLANG_WARN_BOOL_CONVERSION = YES;
				CLANG_WARN_CONSTANT_CONVERSION = YES;
				CLANG_WARN_DIRECT_OBJC_ISA_USAGE = YES_ERROR;
				CLANG_WARN_EMPTY_BODY = YES;
				CLANG_WARN_ENUM_CONVERSION = YES;
				CLANG_WARN_INT_CONVERSION = YES;
				CLANG_WARN_OBJC_ROOT_CLASS = YES_ERROR;
				CLANG_WARN_UNREACHABLE_CODE = YES;
				CLANG_WARN__DUPLICATE_METHOD_MATCH = YES;
				"CODE_SIGN_IDENTITY[sdk=iphoneos*]" = "iPhone Developer";
				COPY_PHASE_STRIP = NO;
				DEBUG_INFORMATION_FORMAT = "dwarf-with-dsym";
				ENABLE_NS_ASSERTIONS = NO;
				ENABLE_STRICT_OBJC_MSGSEND = YES;
				GCC_C_LANGUAGE_STANDARD = gnu99;
				GCC_NO_COMMON_BLOCKS = YES;
				GCC_WARN_64_TO_32_BIT_CONVERSION = YES;
				GCC_WARN_ABOUT_RETURN_TYPE = YES_ERROR;
				GCC_WARN_UNDECLARED_SELECTOR = YES;
				GCC_WARN_UNINITIALIZED_AUTOS = YES_AGGRESSIVE;
				GCC_WARN_UNUSED_FUNCTION = YES;
				GCC_WARN_UNUSED_VARIABLE = YES;
				IPHONEOS_DEPLOYMENT_TARGET = 9.2;
				MTL_ENABLE_DEBUG_INFO = NO;
				SDKROOT = iphoneos;
				VALIDATE_PRODUCT = YES;
			};
			name = Release;
		};
		C9D20F861CBBB4FF006F6DD3 /* Debug */ = {
			isa = XCBuildConfiguration;
			buildSettings = {
				ASSETCATALOG_COMPILER_APPICON_NAME = AppIcon;
				INFOPLIST_FILE = EventTest/Info.plist;
				LD_RUNPATH_SEARCH_PATHS = "$(inherited) @executable_path/Frameworks";
				PRODUCT_BUNDLE_IDENTIFIER = hxl.EventTest;
				PRODUCT_NAME = "$(TARGET_NAME)";
			};
			name = Debug;
		};
		C9D20F871CBBB4FF006F6DD3 /* Release */ = {
			isa = XCBuildConfiguration;
			buildSettings = {
				ASSETCATALOG_COMPILER_APPICON_NAME = AppIcon;
				INFOPLIST_FILE = EventTest/Info.plist;
				LD_RUNPATH_SEARCH_PATHS = "$(inherited) @executable_path/Frameworks";
				PRODUCT_BUNDLE_IDENTIFIER = hxl.EventTest;
				PRODUCT_NAME = "$(TARGET_NAME)";
			};
			name = Release;
		};
/* End XCBuildConfiguration section */

/* Begin XCConfigurationList section */
		C9D20F661CBBB4FF006F6DD3 /* Build configuration list for PBXProject "EventTest" */ = {
			isa = XCConfigurationList;
			buildConfigurations = (
				C9D20F831CBBB4FF006F6DD3 /* Debug */,
				C9D20F841CBBB4FF006F6DD3 /* Release */,
			);
			defaultConfigurationIsVisible = 0;
			defaultConfigurationName = Release;
		};
		C9D20F851CBBB4FF006F6DD3 /* Build configuration list for PBXNativeTarget "EventTest" */ = {
			isa = XCConfigurationList;
			buildConfigurations = (
				C9D20F861CBBB4FF006F6DD3 /* Debug */,
				C9D20F871CBBB4FF006F6DD3 /* Release */,
			);
			defaultConfigurationIsVisible = 0;
			defaultConfigurationName = Release;
		};
/* End XCConfigurationList section */

/* Begin XCVersionGroup section */
		C9D20F7A1CBBB4FF006F6DD3 /* EventTest.xcdatamodeld */ = {
			isa = XCVersionGroup;
			children = (
				C9D20F7B1CBBB4FF006F6DD3 /* EventTest.xcdatamodel */,
			);
			currentVersion = C9D20F7B1CBBB4FF006F6DD3 /* EventTest.xcdatamodel */;
			path = EventTest.xcdatamodeld;
			sourceTree = "<group>";
			versionGroupType = wrapper.xcdatamodel;
		};
/* End XCVersionGroup section */
	};
	rootObject = C9D20F631CBBB4FF006F6DD3 /* Project object */;
}
