// !$*UTF8*$!
{
	archiveVersion = 1;
	classes = {
	};
	objectVersion = 46;
	objects = {

/* Begin PBXBuildFile section */
		C9D20EB41CBB96CC006F6DD3 /* main.m in Sources */ = {isa = PBXBuildFile; fileRef = C9D20EB31CBB96CC006F6DD3 /* main.m */; };
		C9D20EB71CBB96CC006F6DD3 /* AppDelegate.m in Sources */ = {isa = PBXBuildFile; fileRef = C9D20EB61CBB96CC006F6DD3 /* AppDelegate.m */; };
		C9D20EBA1CBB96CC006F6DD3 /* FirstViewController.m in Sources */ = {isa = PBXBuildFile; fileRef = C9D20EB91CBB96CC006F6DD3 /* FirstViewController.m */; };
		C9D20EBD1CBB96CC006F6DD3 /* SecondViewController.m in Sources */ = {isa = PBXBuildFile; fileRef = C9D20EBC1CBB96CC006F6DD3 /* SecondViewController.m */; };
		C9D20EC01CBB96CC006F6DD3 /* Main.storyboard in Resources */ = {isa = PBXBuildFile; fileRef = C9D20EBE1CBB96CC006F6DD3 /* Main.storyboard */; };
		C9D20EC21CBB96CC006F6DD3 /* Assets.xcassets in Resources */ = {isa = PBXBuildFile; fileRef = C9D20EC11CBB96CC006F6DD3 /* Assets.xcassets */; };
		C9D20EC51CBB96CC006F6DD3 /* LaunchScreen.storyboard in Resources */ = {isa = PBXBuildFile; fileRef = C9D20EC31CBB96CC006F6DD3 /* LaunchScreen.storyboard */; };
/* End PBXBuildFile section */

/* Begin PBXFileReference section */
		C9D20EAF1CBB96CC006F6DD3 /* TabApp.app */ = {isa = PBXFileReference; explicitFileType = wrapper.application; includeInIndex = 0; path = TabApp.app; sourceTree = BUILT_PRODUCTS_DIR; };
		C9D20EB31CBB96CC006F6DD3 /* main.m */ = {isa = PBXFileReference; lastKnownFileType = sourcecode.c.objc; path = main.m; sourceTree = "<group>"; };
		C9D20EB51CBB96CC006F6DD3 /* AppDelegate.h */ = {isa = PBXFileReference; lastKnownFileType = sourcecode.c.h; path = AppDelegate.h; sourceTree = "<group>"; };
		C9D20EB61CBB96CC006F6DD3 /* AppDelegate.m */ = {isa = PBXFileReference; lastKnownFileType = sourcecode.c.objc; path = AppDelegate.m; sourceTree = "<group>"; };
		C9D20EB81CBB96CC006F6DD3 /* FirstViewController.h */ = {isa = PBXFileReference; lastKnownFileType = sourcecode.c.h; path = FirstViewController.h; sourceTree = "<group>"; };
		C9D20EB91CBB96CC006F6DD3 /* FirstViewController.m */ = {isa = PBXFileReference; lastKnownFileType = sourcecode.c.objc; path = FirstViewController.m; sourceTree = "<group>"; };
		C9D20EBB1CBB96CC006F6DD3 /* SecondViewController.h */ = {isa = PBXFileReference; lastKnownFileType = sourcecode.c.h; path = SecondViewController.h; sourceTree = "<group>"; };
		C9D20EBC1CBB96CC006F6DD3 /* SecondViewController.m */ = {isa = PBXFileReference; lastKnownFileType = sourcecode.c.objc; path = SecondViewController.m; sourceTree = "<group>"; };
		C9D20EBF1CBB96CC006F6DD3 /* Base */ = {isa = PBXFileReference; lastKnownFileType = file.storyboard; name = Base; path = Base.lproj/Main.storyboard; sourceTree = "<group>"; };
		C9D20EC11CBB96CC006F6DD3 /* Assets.xcassets */ = {isa = PBXFileReference; lastKnownFileType = folder.assetcatalog; path = Assets.xcassets; sourceTree = "<group>"; };
		C9D20EC41CBB96CC006F6DD3 /* Base */ = {isa = PBXFileReference; lastKnownFileType = file.storyboard; name = Base; path = Base.lproj/LaunchScreen.storyboard; sourceTree = "<group>"; };
		C9D20EC61CBB96CC006F6DD3 /* Info.plist */ = {isa = PBXFileReference; lastKnownFileType = text.plist.xml; path = Info.plist; sourceTree = "<group>"; };
/* End PBXFileReference section */

/* Begin PBXFrameworksBuildPhase section */
		C9D20EAC1CBB96CC006F6DD3 /* Frameworks */ = {
			isa = PBXFrameworksBuildPhase;
			buildActionMask = 2147483647;
			files = (
			);
			runOnlyForDeploymentPostprocessing = 0;
		};
/* End PBXFrameworksBuildPhase section */

/* Begin PBXGroup section */
		C9D20EA61CBB96CC006F6DD3 = {
			isa = PBXGroup;
			children = (
				C9D20EB11CBB96CC006F6DD3 /* TabApp */,
				C9D20EB01CBB96CC006F6DD3 /* Products */,
			);
			sourceTree = "<group>";
		};
		C9D20EB01CBB96CC006F6DD3 /* Products */ = {
			isa = PBXGroup;
			children = (
				C9D20EAF1CBB96CC006F6DD3 /* TabApp.app */,
			);
			name = Products;
			sourceTree = "<group>";
		};
		C9D20EB11CBB96CC006F6DD3 /* TabApp */ = {
			isa = PBXGroup;
			children = (
				C9D20EB51CBB96CC006F6DD3 /* AppDelegate.h */,
				C9D20EB61CBB96CC006F6DD3 /* AppDelegate.m */,
				C9D20EB81CBB96CC006F6DD3 /* FirstViewController.h */,
				C9D20EB91CBB96CC006F6DD3 /* FirstViewController.m */,
				C9D20EBB1CBB96CC006F6DD3 /* SecondViewController.h */,
				C9D20EBC1CBB96CC006F6DD3 /* SecondViewController.m */,
				C9D20EBE1CBB96CC006F6DD3 /* Main.storyboard */,
				C9D20EC11CBB96CC006F6DD3 /* Assets.xcassets */,
				C9D20EC31CBB96CC006F6DD3 /* LaunchScreen.storyboard */,
				C9D20EC61CBB96CC006F6DD3 /* Info.plist */,
				C9D20EB21CBB96CC006F6DD3 /* Supporting Files */,
			);
			path = TabApp;
			sourceTree = "<group>";
		};
		C9D20EB21CBB96CC006F6DD3 /* Supporting Files */ = {
			isa = PBXGroup;
			children = (
				C9D20EB31CBB96CC006F6DD3 /* main.m */,
			);
			name = "Supporting Files";
			sourceTree = "<group>";
		};
/* End PBXGroup section */

/* Begin PBXNativeTarget section */
		C9D20EAE1CBB96CC006F6DD3 /* TabApp */ = {
			isa = PBXNativeTarget;
			buildConfigurationList = C9D20EC91CBB96CC006F6DD3 /* Build configuration list for PBXNativeTarget "TabApp" */;
			buildPhases = (
				C9D20EAB1CBB96CC006F6DD3 /* Sources */,
				C9D20EAC1CBB96CC006F6DD3 /* Frameworks */,
				C9D20EAD1CBB96CC006F6DD3 /* Resources */,
			);
			buildRules = (
			);
			dependencies = (
			);
			name = TabApp;
			productName = TabApp;
			productReference = C9D20EAF1CBB96CC006F6DD3 /* TabApp.app */;
			productType = "com.apple.product-type.application";
		};
/* End PBXNativeTarget section */

/* Begin PBXProject section */
		C9D20EA71CBB96CC006F6DD3 /* Project object */ = {
			isa = PBXProject;
			attributes = {
				LastUpgradeCheck = 0720;
				ORGANIZATIONNAME = hxl;
				TargetAttributes = {
					C9D20EAE1CBB96CC006F6DD3 = {
						CreatedOnToolsVersion = 7.2;
					};
				};
			};
			buildConfigurationList = C9D20EAA1CBB96CC006F6DD3 /* Build configuration list for PBXProject "TabApp" */;
			compatibilityVersion = "Xcode 3.2";
			developmentRegion = English;
			hasScannedForEncodings = 0;
			knownRegions = (
				en,
				Base,
			);
			mainGroup = C9D20EA61CBB96CC006F6DD3;
			productRefGroup = C9D20EB01CBB96CC006F6DD3 /* Products */;
			projectDirPath = "";
			projectRoot = "";
			targets = (
				C9D20EAE1CBB96CC006F6DD3 /* TabApp */,
			);
		};
/* End PBXProject section */

/* Begin PBXResourcesBuildPhase section */
		C9D20EAD1CBB96CC006F6DD3 /* Resources */ = {
			isa = PBXResourcesBuildPhase;
			buildActionMask = 2147483647;
			files = (
				C9D20EC51CBB96CC006F6DD3 /* LaunchScreen.storyboard in Resources */,
				C9D20EC21CBB96CC006F6DD3 /* Assets.xcassets in Resources */,
				C9D20EC01CBB96CC006F6DD3 /* Main.storyboard in Resources */,
			);
			runOnlyForDeploymentPostprocessing = 0;
		};
/* End PBXResourcesBuildPhase section */

/* Begin PBXSourcesBuildPhase section */
		C9D20EAB1CBB96CC006F6DD3 /* Sources */ = {
			isa = PBXSourcesBuildPhase;
			buildActionMask = 2147483647;
			files = (
				C9D20EBD1CBB96CC006F6DD3 /* SecondViewController.m in Sources */,
				C9D20EB71CBB96CC006F6DD3 /* AppDelegate.m in Sources */,
				C9D20EBA1CBB96CC006F6DD3 /* FirstViewController.m in Sources */,
				C9D20EB41CBB96CC006F6DD3 /* main.m in Sources */,
			);
			runOnlyForDeploymentPostprocessing = 0;
		};
/* End PBXSourcesBuildPhase section */

/* Begin PBXVariantGroup section */
		C9D20EBE1CBB96CC006F6DD3 /* Main.storyboard */ = {
			isa = PBXVariantGroup;
			children = (
				C9D20EBF1CBB96CC006F6DD3 /* Base */,
			);
			name = Main.storyboard;
			sourceTree = "<group>";
		};
		C9D20EC31CBB96CC006F6DD3 /* LaunchScreen.storyboard */ = {
			isa = PBXVariantGroup;
			children = (
				C9D20EC41CBB96CC006F6DD3 /* Base */,
			);
			name = LaunchScreen.storyboard;
			sourceTree = "<group>";
		};
/* End PBXVariantGroup section */

/* Begin XCBuildConfiguration section */
		C9D20EC71CBB96CC006F6DD3 /* Debug */ = {
			isa = XCBuildConfiguration;
			buildSettings = {
				ALWAYS_SEARCH_USER_PATHS = NO;
				CLANG_CXX_LANGUAGE_STANDARD = "gnu++0x";
				CLANG_CXX_LIBRARY = "libc++";
				CLANG_ENABLE_MODULES = YES;
				CLANG_ENABLE_OBJC_ARC = YES;
				CLANG_WARN_BOOL_CONVERSION = YES;
				CLANG_WARN_CONSTANT_CONVERSION = YES;
				CLANG_WARN_DIRECT_OBJC_ISA_USAGE = YES_ERROR;
				CLANG_WARN_EMPTY_BODY = YES;
				CLANG_WARN_ENUM_CONVERSION = YES;
				CLANG_WARN_INT_CONVERSION = YES;
				CLANG_WARN_OBJC_ROOT_CLASS = YES_ERROR;
				CLANG_WARN_UNREACHABLE_CODE = YES;
				CLANG_WARN__DUPLICATE_METHOD_MATCH = YES;
				"CODE_SIGN_IDENTITY[sdk=iphoneos*]" = "iPhone Developer";
				COPY_PHASE_STRIP = NO;
				DEBUG_INFORMATION_FORMAT = dwarf;
				ENABLE_STRICT_OBJC_MSGSEND = YES;
				ENABLE_TESTABILITY = YES;
				GCC_C_LANGUAGE_STANDARD = gnu99;
				GCC_DYNAMIC_NO_PIC = NO;
				GCC_NO_COMMON_BLOCKS = YES;
				GCC_OPTIMIZATION_LEVEL = 0;
				GCC_PREPROCESSOR_DEFINITIONS = (
					"DEBUG=1",
					"$(inherited)",
				);
				GCC_WARN_64_TO_32_BIT_CONVERSION = YES;
				GCC_WARN_ABOUT_RETURN_TYPE = YES_ERROR;
				GCC_WARN_UNDECLARED_SELECTOR = YES;
				GCC_WARN_UNINITIALIZED_AUTOS = YES_AGGRESSIVE;
				GCC_WARN_UNUSED_FUNCTION = YES;
				GCC_WARN_UNUSED_VARIABLE = YES;
				IPHONEOS_DEPLOYMENT_TARGET = 9.2;
				MTL_ENABLE_DEBUG_INFO = YES;
				ONLY_ACTIVE_ARCH = YES;
				SDKROOT = iphoneos;
			};
			name = Debug;
		};
		C9D20EC81CBB96CC006F6DD3 /* Release */ = {
			isa = XCBuildConfiguration;
			buildSettings = {
				ALWAYS_SEARCH_USER_PATHS = NO;
				CLANG_CXX_LANGUAGE_STANDARD = "gnu++0x";
				CLANG_CXX_LIBRARY = "libc++";
				CLANG_ENABLE_MODULES = YES;
				CLANG_ENABLE_OBJC_ARC = YES;
				CLANG_WARN_BOOL_CONVERSION = YES;
				CLANG_WARN_CONSTANT_CONVERSION = YES;
				CLANG_WARN_DIRECT_OBJC_ISA_USAGE = YES_ERROR;
				CLANG_WARN_EMPTY_BODY = YES;
				CLANG_WARN_ENUM_CONVERSION = YES;
				CLANG_WARN_INT_CONVERSION = YES;
				CLANG_WARN_OBJC_ROOT_CLASS = YES_ERROR;
				CLANG_WARN_UNREACHABLE_CODE = YES;
				CLANG_WARN__DUPLICATE_METHOD_MATCH = YES;
				"CODE_SIGN_IDENTITY[sdk=iphoneos*]" = "iPhone Developer";
				COPY_PHASE_STRIP = NO;
				DEBUG_INFORMATION_FORMAT = "dwarf-with-dsym";
				ENABLE_NS_ASSERTIONS = NO;
				ENABLE_STRICT_OBJC_MSGSEND = YES;
				GCC_C_LANGUAGE_STANDARD = gnu99;
				GCC_NO_COMMON_BLOCKS = YES;
				GCC_WARN_64_TO_32_BIT_CONVERSION = YES;
				GCC_WARN_ABOUT_RETURN_TYPE = YES_ERROR;
				GCC_WARN_UNDECLARED_SELECTOR = YES;
				GCC_WARN_UNINITIALIZED_AUTOS = YES_AGGRESSIVE;
				GCC_WARN_UNUSED_FUNCTION = YES;
				GCC_WARN_UNUSED_VARIABLE = YES;
				IPHONEOS_DEPLOYMENT_TARGET = 9.2;
				MTL_ENABLE_DEBUG_INFO = NO;
				SDKROOT = iphoneos;
				VALIDATE_PRODUCT = YES;
			};
			name = Release;
		};
		C9D20ECA1CBB96CC006F6DD3 /* Debug */ = {
			isa = XCBuildConfiguration;
			buildSettings = {
				ASSETCATALOG_COMPILER_APPICON_NAME = AppIcon;
				INFOPLIST_FILE = TabApp/Info.plist;
				LD_RUNPATH_SEARCH_PATHS = "$(inherited) @executable_path/Frameworks";
				PRODUCT_BUNDLE_IDENTIFIER = hxl.TabApp;
				PRODUCT_NAME = "$(TARGET_NAME)";
			};
			name = Debug;
		};
		C9D20ECB1CBB96CC006F6DD3 /* Release */ = {
			isa = XCBuildConfiguration;
			buildSettings = {
				ASSETCATALOG_COMPILER_APPICON_NAME = AppIcon;
				INFOPLIST_FILE = TabApp/Info.plist;
				LD_RUNPATH_SEARCH_PATHS = "$(inherited) @executable_path/Frameworks";
				PRODUCT_BUNDLE_IDENTIFIER = hxl.TabApp;
				PRODUCT_NAME = "$(TARGET_NAME)";
			};
			name = Release;
		};
/* End XCBuildConfiguration section */

/* Begin XCConfigurationList section */
		C9D20EAA1CBB96CC006F6DD3 /* Build configuration list for PBXProject "TabApp" */ = {
			isa = XCConfigurationList;
			buildConfigurations = (
				C9D20EC71CBB96CC006F6DD3 /* Debug */,
				C9D20EC81CBB96CC006F6DD3 /* Release */,
			);
			defaultConfigurationIsVisible = 0;
			defaultConfigurationName = Release;
		};
		C9D20EC91CBB96CC006F6DD3 /* Build configuration list for PBXNativeTarget "TabApp" */ = {
			isa = XCConfigurationList;
			buildConfigurations = (
				C9D20ECA1CBB96CC006F6DD3 /* Debug */,
				C9D20ECB1CBB96CC006F6DD3 /* Release */,
			);
			defaultConfigurationIsVisible = 0;
		};
/* End XCConfigurationList section */
	};
	rootObject = C9D20EA71CBB96CC006F6DD3 /* Project object */;
}
