// !$*UTF8*$!
{
	archiveVersion = 1;
	classes = {
	};
	objectVersion = 46;
	objects = {

/* Begin PBXBuildFile section */
		C9D20E851CBB8E51006F6DD3 /* main.m in Sources */ = {isa = PBXBuildFile; fileRef = C9D20E841CBB8E51006F6DD3 /* main.m */; };
		C9D20E881CBB8E51006F6DD3 /* AppDelegate.m in Sources */ = {isa = PBXBuildFile; fileRef = C9D20E871CBB8E51006F6DD3 /* AppDelegate.m */; };
		C9D20E8E1CBB8E51006F6DD3 /* Main.storyboard in Resources */ = {isa = PBXBuildFile; fileRef = C9D20E8C1CBB8E51006F6DD3 /* Main.storyboard */; };
		C9D20E911CBB8E51006F6DD3 /* TabBarControllerTest.xcdatamodeld in Sources */ = {isa = PBXBuildFile; fileRef = C9D20E8F1CBB8E51006F6DD3 /* TabBarControllerTest.xcdatamodeld */; };
		C9D20E931CBB8E51006F6DD3 /* Assets.xcassets in Resources */ = {isa = PBXBuildFile; fileRef = C9D20E921CBB8E51006F6DD3 /* Assets.xcassets */; };
		C9D20E961CBB8E51006F6DD3 /* LaunchScreen.storyboard in Resources */ = {isa = PBXBuildFile; fileRef = C9D20E941CBB8E51006F6DD3 /* LaunchScreen.storyboard */; };
		C9D20E9F1CBB91BB006F6DD3 /* ShViewController.m in Sources */ = {isa = PBXBuildFile; fileRef = C9D20E9E1CBB91BB006F6DD3 /* ShViewController.m */; };
		C9D20EA21CBB91C9006F6DD3 /* BJViewController.m in Sources */ = {isa = PBXBuildFile; fileRef = C9D20EA11CBB91C9006F6DD3 /* BJViewController.m */; };
		C9D20EA51CBB91D0006F6DD3 /* NjViewController.m in Sources */ = {isa = PBXBuildFile; fileRef = C9D20EA41CBB91D0006F6DD3 /* NjViewController.m */; };
/* End PBXBuildFile section */

/* Begin PBXFileReference section */
		C9D20E801CBB8E51006F6DD3 /* TabBarControllerTest.app */ = {isa = PBXFileReference; explicitFileType = wrapper.application; includeInIndex = 0; path = TabBarControllerTest.app; sourceTree = BUILT_PRODUCTS_DIR; };
		C9D20E841CBB8E51006F6DD3 /* main.m */ = {isa = PBXFileReference; lastKnownFileType = sourcecode.c.objc; path = main.m; sourceTree = "<group>"; };
		C9D20E861CBB8E51006F6DD3 /* AppDelegate.h */ = {isa = PBXFileReference; lastKnownFileType = sourcecode.c.h; path = AppDelegate.h; sourceTree = "<group>"; };
		C9D20E871CBB8E51006F6DD3 /* AppDelegate.m */ = {isa = PBXFileReference; lastKnownFileType = sourcecode.c.objc; path = AppDelegate.m; sourceTree = "<group>"; };
		C9D20E8D1CBB8E51006F6DD3 /* Base */ = {isa = PBXFileReference; lastKnownFileType = file.storyboard; name = Base; path = Base.lproj/Main.storyboard; sourceTree = "<group>"; };
		C9D20E901CBB8E51006F6DD3 /* TabBarControllerTest.xcdatamodel */ = {isa = PBXFileReference; lastKnownFileType = wrapper.xcdatamodel; path = TabBarControllerTest.xcdatamodel; sourceTree = "<group>"; };
		C9D20E921CBB8E51006F6DD3 /* Assets.xcassets */ = {isa = PBXFileReference; lastKnownFileType = folder.assetcatalog; path = Assets.xcassets; sourceTree = "<group>"; };
		C9D20E951CBB8E51006F6DD3 /* Base */ = {isa = PBXFileReference; lastKnownFileType = file.storyboard; name = Base; path = Base.lproj/LaunchScreen.storyboard; sourceTree = "<group>"; };
		C9D20E971CBB8E51006F6DD3 /* Info.plist */ = {isa = PBXFileReference; lastKnownFileType = text.plist.xml; path = Info.plist; sourceTree = "<group>"; };
		C9D20E9D1CBB91BB006F6DD3 /* ShViewController.h */ = {isa = PBXFileReference; fileEncoding = 4; lastKnownFileType = sourcecode.c.h; path = ShViewController.h; sourceTree = "<group>"; };
		C9D20E9E1CBB91BB006F6DD3 /* ShViewController.m */ = {isa = PBXFileReference; fileEncoding = 4; lastKnownFileType = sourcecode.c.objc; path = ShViewController.m; sourceTree = "<group>"; };
		C9D20EA01CBB91C9006F6DD3 /* BJViewController.h */ = {isa = PBXFileReference; fileEncoding = 4; lastKnownFileType = sourcecode.c.h; path = BJViewController.h; sourceTree = "<group>"; };
		C9D20EA11CBB91C9006F6DD3 /* BJViewController.m */ = {isa = PBXFileReference; fileEncoding = 4; lastKnownFileType = sourcecode.c.objc; path = BJViewController.m; sourceTree = "<group>"; };
		C9D20EA31CBB91D0006F6DD3 /* NjViewController.h */ = {isa = PBXFileReference; fileEncoding = 4; lastKnownFileType = sourcecode.c.h; path = NjViewController.h; sourceTree = "<group>"; };
		C9D20EA41CBB91D0006F6DD3 /* NjViewController.m */ = {isa = PBXFileReference; fileEncoding = 4; lastKnownFileType = sourcecode.c.objc; path = NjViewController.m; sourceTree = "<group>"; };
/* End PBXFileReference section */

/* Begin PBXFrameworksBuildPhase section */
		C9D20E7D1CBB8E51006F6DD3 /* Frameworks */ = {
			isa = PBXFrameworksBuildPhase;
			buildActionMask = 2147483647;
			files = (
			);
			runOnlyForDeploymentPostprocessing = 0;
		};
/* End PBXFrameworksBuildPhase section */

/* Begin PBXGroup section */
		C9D20E771CBB8E51006F6DD3 = {
			isa = PBXGroup;
			children = (
				C9D20E821CBB8E51006F6DD3 /* TabBarControllerTest */,
				C9D20E811CBB8E51006F6DD3 /* Products */,
			);
			sourceTree = "<group>";
		};
		C9D20E811CBB8E51006F6DD3 /* Products */ = {
			isa = PBXGroup;
			children = (
				C9D20E801CBB8E51006F6DD3 /* TabBarControllerTest.app */,
			);
			name = Products;
			sourceTree = "<group>";
		};
		C9D20E821CBB8E51006F6DD3 /* TabBarControllerTest */ = {
			isa = PBXGroup;
			children = (
				C9D20E861CBB8E51006F6DD3 /* AppDelegate.h */,
				C9D20E871CBB8E51006F6DD3 /* AppDelegate.m */,
				C9D20E8C1CBB8E51006F6DD3 /* Main.storyboard */,
				C9D20E9D1CBB91BB006F6DD3 /* ShViewController.h */,
				C9D20E9E1CBB91BB006F6DD3 /* ShViewController.m */,
				C9D20EA01CBB91C9006F6DD3 /* BJViewController.h */,
				C9D20EA11CBB91C9006F6DD3 /* BJViewController.m */,
				C9D20EA31CBB91D0006F6DD3 /* NjViewController.h */,
				C9D20EA41CBB91D0006F6DD3 /* NjViewController.m */,
				C9D20E921CBB8E51006F6DD3 /* Assets.xcassets */,
				C9D20E941CBB8E51006F6DD3 /* LaunchScreen.storyboard */,
				C9D20E971CBB8E51006F6DD3 /* Info.plist */,
				C9D20E8F1CBB8E51006F6DD3 /* TabBarControllerTest.xcdatamodeld */,
				C9D20E831CBB8E51006F6DD3 /* Supporting Files */,
			);
			path = TabBarControllerTest;
			sourceTree = "<group>";
		};
		C9D20E831CBB8E51006F6DD3 /* Supporting Files */ = {
			isa = PBXGroup;
			children = (
				C9D20E841CBB8E51006F6DD3 /* main.m */,
			);
			name = "Supporting Files";
			sourceTree = "<group>";
		};
/* End PBXGroup section */

/* Begin PBXNativeTarget section */
		C9D20E7F1CBB8E51006F6DD3 /* TabBarControllerTest */ = {
			isa = PBXNativeTarget;
			buildConfigurationList = C9D20E9A1CBB8E51006F6DD3 /* Build configuration list for PBXNativeTarget "TabBarControllerTest" */;
			buildPhases = (
				C9D20E7C1CBB8E51006F6DD3 /* Sources */,
				C9D20E7D1CBB8E51006F6DD3 /* Frameworks */,
				C9D20E7E1CBB8E51006F6DD3 /* Resources */,
			);
			buildRules = (
			);
			dependencies = (
			);
			name = TabBarControllerTest;
			productName = TabBarControllerTest;
			productReference = C9D20E801CBB8E51006F6DD3 /* TabBarControllerTest.app */;
			productType = "com.apple.product-type.application";
		};
/* End PBXNativeTarget section */

/* Begin PBXProject section */
		C9D20E781CBB8E51006F6DD3 /* Project object */ = {
			isa = PBXProject;
			attributes = {
				LastUpgradeCheck = 0720;
				ORGANIZATIONNAME = hxl;
				TargetAttributes = {
					C9D20E7F1CBB8E51006F6DD3 = {
						CreatedOnToolsVersion = 7.2;
					};
				};
			};
			buildConfigurationList = C9D20E7B1CBB8E51006F6DD3 /* Build configuration list for PBXProject "TabBarControllerTest" */;
			compatibilityVersion = "Xcode 3.2";
			developmentRegion = English;
			hasScannedForEncodings = 0;
			knownRegions = (
				en,
				Base,
			);
			mainGroup = C9D20E771CBB8E51006F6DD3;
			productRefGroup = C9D20E811CBB8E51006F6DD3 /* Products */;
			projectDirPath = "";
			projectRoot = "";
			targets = (
				C9D20E7F1CBB8E51006F6DD3 /* TabBarControllerTest */,
			);
		};
/* End PBXProject section */

/* Begin PBXResourcesBuildPhase section */
		C9D20E7E1CBB8E51006F6DD3 /* Resources */ = {
			isa = PBXResourcesBuildPhase;
			buildActionMask = 2147483647;
			files = (
				C9D20E961CBB8E51006F6DD3 /* LaunchScreen.storyboard in Resources */,
				C9D20E931CBB8E51006F6DD3 /* Assets.xcassets in Resources */,
				C9D20E8E1CBB8E51006F6DD3 /* Main.storyboard in Resources */,
			);
			runOnlyForDeploymentPostprocessing = 0;
		};
/* End PBXResourcesBuildPhase section */

/* Begin PBXSourcesBuildPhase section */
		C9D20E7C1CBB8E51006F6DD3 /* Sources */ = {
			isa = PBXSourcesBuildPhase;
			buildActionMask = 2147483647;
			files = (
				C9D20EA21CBB91C9006F6DD3 /* BJViewController.m in Sources */,
				C9D20E881CBB8E51006F6DD3 /* AppDelegate.m in Sources */,
				C9D20E9F1CBB91BB006F6DD3 /* ShViewController.m in Sources */,
				C9D20EA51CBB91D0006F6DD3 /* NjViewController.m in Sources */,
				C9D20E851CBB8E51006F6DD3 /* main.m in Sources */,
				C9D20E911CBB8E51006F6DD3 /* TabBarControllerTest.xcdatamodeld in Sources */,
			);
			runOnlyForDeploymentPostprocessing = 0;
		};
/* End PBXSourcesBuildPhase section */

/* Begin PBXVariantGroup section */
		C9D20E8C1CBB8E51006F6DD3 /* Main.storyboard */ = {
			isa = PBXVariantGroup;
			children = (
				C9D20E8D1CBB8E51006F6DD3 /* Base */,
			);
			name = Main.storyboard;
			sourceTree = "<group>";
		};
		C9D20E941CBB8E51006F6DD3 /* LaunchScreen.storyboard */ = {
			isa = PBXVariantGroup;
			children = (
				C9D20E951CBB8E51006F6DD3 /* Base */,
			);
			name = LaunchScreen.storyboard;
			sourceTree = "<group>";
		};
/* End PBXVariantGroup section */

/* Begin XCBuildConfiguration section */
		C9D20E981CBB8E51006F6DD3 /* Debug */ = {
			isa = XCBuildConfiguration;
			buildSettings = {
				ALWAYS_SEARCH_USER_PATHS = NO;
				CLANG_CXX_LANGUAGE_STANDARD = "gnu++0x";
				CLANG_CXX_LIBRARY = "libc++";
				CLANG_ENABLE_MODULES = YES;
				CLANG_ENABLE_OBJC_ARC = YES;
				CLANG_WARN_BOOL_CONVERSION = YES;
				CLANG_WARN_CONSTANT_CONVERSION = YES;
				CLANG_WARN_DIRECT_OBJC_ISA_USAGE = YES_ERROR;
				CLANG_WARN_EMPTY_BODY = YES;
				CLANG_WARN_ENUM_CONVERSION = YES;
				CLANG_WARN_INT_CONVERSION = YES;
				CLANG_WARN_OBJC_ROOT_CLASS = YES_ERROR;
				CLANG_WARN_UNREACHABLE_CODE = YES;
				CLANG_WARN__DUPLICATE_METHOD_MATCH = YES;
				"CODE_SIGN_IDENTITY[sdk=iphoneos*]" = "iPhone Developer";
				COPY_PHASE_STRIP = NO;
				DEBUG_INFORMATION_FORMAT = dwarf;
				ENABLE_STRICT_OBJC_MSGSEND = YES;
				ENABLE_TESTABILITY = YES;
				GCC_C_LANGUAGE_STANDARD = gnu99;
				GCC_DYNAMIC_NO_PIC = NO;
				GCC_NO_COMMON_BLOCKS = YES;
				GCC_OPTIMIZATION_LEVEL = 0;
				GCC_PREPROCESSOR_DEFINITIONS = (
					"DEBUG=1",
					"$(inherited)",
				);
				GCC_WARN_64_TO_32_BIT_CONVERSION = YES;
				GCC_WARN_ABOUT_RETURN_TYPE = YES_ERROR;
				GCC_WARN_UNDECLARED_SELECTOR = YES;
				GCC_WARN_UNINITIALIZED_AUTOS = YES_AGGRESSIVE;
				GCC_WARN_UNUSED_FUNCTION = YES;
				GCC_WARN_UNUSED_VARIABLE = YES;
				IPHONEOS_DEPLOYMENT_TARGET = 9.2;
				MTL_ENABLE_DEBUG_INFO = YES;
				ONLY_ACTIVE_ARCH = YES;
				SDKROOT = iphoneos;
			};
			name = Debug;
		};
		C9D20E991CBB8E51006F6DD3 /* Release */ = {
			isa = XCBuildConfiguration;
			buildSettings = {
				ALWAYS_SEARCH_USER_PATHS = NO;
				CLANG_CXX_LANGUAGE_STANDARD = "gnu++0x";
				CLANG_CXX_LIBRARY = "libc++";
				CLANG_ENABLE_MODULES = YES;
				CLANG_ENABLE_OBJC_ARC = YES;
				CLANG_WARN_BOOL_CONVERSION = YES;
				CLANG_WARN_CONSTANT_CONVERSION = YES;
				CLANG_WARN_DIRECT_OBJC_ISA_USAGE = YES_ERROR;
				CLANG_WARN_EMPTY_BODY = YES;
				CLANG_WARN_ENUM_CONVERSION = YES;
				CLANG_WARN_INT_CONVERSION = YES;
				CLANG_WARN_OBJC_ROOT_CLASS = YES_ERROR;
				CLANG_WARN_UNREACHABLE_CODE = YES;
				CLANG_WARN__DUPLICATE_METHOD_MATCH = YES;
				"CODE_SIGN_IDENTITY[sdk=iphoneos*]" = "iPhone Developer";
				COPY_PHASE_STRIP = NO;
				DEBUG_INFORMATION_FORMAT = "dwarf-with-dsym";
				ENABLE_NS_ASSERTIONS = NO;
				ENABLE_STRICT_OBJC_MSGSEND = YES;
				GCC_C_LANGUAGE_STANDARD = gnu99;
				GCC_NO_COMMON_BLOCKS = YES;
				GCC_WARN_64_TO_32_BIT_CONVERSION = YES;
				GCC_WARN_ABOUT_RETURN_TYPE = YES_ERROR;
				GCC_WARN_UNDECLARED_SELECTOR = YES;
				GCC_WARN_UNINITIALIZED_AUTOS = YES_AGGRESSIVE;
				GCC_WARN_UNUSED_FUNCTION = YES;
				GCC_WARN_UNUSED_VARIABLE = YES;
				IPHONEOS_DEPLOYMENT_TARGET = 9.2;
				MTL_ENABLE_DEBUG_INFO = NO;
				SDKROOT = iphoneos;
				VALIDATE_PRODUCT = YES;
			};
			name = Release;
		};
		C9D20E9B1CBB8E51006F6DD3 /* Debug */ = {
			isa = XCBuildConfiguration;
			buildSettings = {
				ASSETCATALOG_COMPILER_APPICON_NAME = AppIcon;
				INFOPLIST_FILE = TabBarControllerTest/Info.plist;
				LD_RUNPATH_SEARCH_PATHS = "$(inherited) @executable_path/Frameworks";
				PRODUCT_BUNDLE_IDENTIFIER = hxl.TabBarControllerTest;
				PRODUCT_NAME = "$(TARGET_NAME)";
			};
			name = Debug;
		};
		C9D20E9C1CBB8E51006F6DD3 /* Release */ = {
			isa = XCBuildConfiguration;
			buildSettings = {
				ASSETCATALOG_COMPILER_APPICON_NAME = AppIcon;
				INFOPLIST_FILE = TabBarControllerTest/Info.plist;
				LD_RUNPATH_SEARCH_PATHS = "$(inherited) @executable_path/Frameworks";
				PRODUCT_BUNDLE_IDENTIFIER = hxl.TabBarControllerTest;
				PRODUCT_NAME = "$(TARGET_NAME)";
			};
			name = Release;
		};
/* End XCBuildConfiguration section */

/* Begin XCConfigurationList section */
		C9D20E7B1CBB8E51006F6DD3 /* Build configuration list for PBXProject "TabBarControllerTest" */ = {
			isa = XCConfigurationList;
			buildConfigurations = (
				C9D20E981CBB8E51006F6DD3 /* Debug */,
				C9D20E991CBB8E51006F6DD3 /* Release */,
			);
			defaultConfigurationIsVisible = 0;
			defaultConfigurationName = Release;
		};
		C9D20E9A1CBB8E51006F6DD3 /* Build configuration list for PBXNativeTarget "TabBarControllerTest" */ = {
			isa = XCConfigurationList;
			buildConfigurations = (
				C9D20E9B1CBB8E51006F6DD3 /* Debug */,
				C9D20E9C1CBB8E51006F6DD3 /* Release */,
			);
			defaultConfigurationIsVisible = 0;
		};
/* End XCConfigurationList section */

/* Begin XCVersionGroup section */
		C9D20E8F1CBB8E51006F6DD3 /* TabBarControllerTest.xcdatamodeld */ = {
			isa = XCVersionGroup;
			children = (
				C9D20E901CBB8E51006F6DD3 /* TabBarControllerTest.xcdatamodel */,
			);
			currentVersion = C9D20E901CBB8E51006F6DD3 /* TabBarControllerTest.xcdatamodel */;
			path = TabBarControllerTest.xcdatamodeld;
			sourceTree = "<group>";
			versionGroupType = wrapper.xcdatamodel;
		};
/* End XCVersionGroup section */
	};
	rootObject = C9D20E781CBB8E51006F6DD3 /* Project object */;
}
