// !$*UTF8*$!
{
	archiveVersion = 1;
	classes = {
	};
	objectVersion = 46;
	objects = {

/* Begin PBXBuildFile section */
		C988B82A1CB5FC55008ABE2B /* main.m in Sources */ = {isa = PBXBuildFile; fileRef = C988B8291CB5FC55008ABE2B /* main.m */; };
		C988B82D1CB5FC55008ABE2B /* AppDelegate.m in Sources */ = {isa = PBXBuildFile; fileRef = C988B82C1CB5FC55008ABE2B /* AppDelegate.m */; };
		C988B8301CB5FC55008ABE2B /* ViewController.m in Sources */ = {isa = PBXBuildFile; fileRef = C988B82F1CB5FC55008ABE2B /* ViewController.m */; };
		C988B8331CB5FC55008ABE2B /* Main.storyboard in Resources */ = {isa = PBXBuildFile; fileRef = C988B8311CB5FC55008ABE2B /* Main.storyboard */; };
		C988B8361CB5FC55008ABE2B /* JumpTestOC.xcdatamodeld in Sources */ = {isa = PBXBuildFile; fileRef = C988B8341CB5FC55008ABE2B /* JumpTestOC.xcdatamodeld */; };
		C988B8381CB5FC55008ABE2B /* Assets.xcassets in Resources */ = {isa = PBXBuildFile; fileRef = C988B8371CB5FC55008ABE2B /* Assets.xcassets */; };
		C988B83B1CB5FC55008ABE2B /* LaunchScreen.storyboard in Resources */ = {isa = PBXBuildFile; fileRef = C988B8391CB5FC55008ABE2B /* LaunchScreen.storyboard */; };
		C988B8441CB5FCD8008ABE2B /* JumpViewController.m in Sources */ = {isa = PBXBuildFile; fileRef = C988B8431CB5FCD8008ABE2B /* JumpViewController.m */; };
/* End PBXBuildFile section */

/* Begin PBXFileReference section */
		C988B8251CB5FC55008ABE2B /* JumpTestOC.app */ = {isa = PBXFileReference; explicitFileType = wrapper.application; includeInIndex = 0; path = JumpTestOC.app; sourceTree = BUILT_PRODUCTS_DIR; };
		C988B8291CB5FC55008ABE2B /* main.m */ = {isa = PBXFileReference; lastKnownFileType = sourcecode.c.objc; path = main.m; sourceTree = "<group>"; };
		C988B82B1CB5FC55008ABE2B /* AppDelegate.h */ = {isa = PBXFileReference; lastKnownFileType = sourcecode.c.h; path = AppDelegate.h; sourceTree = "<group>"; };
		C988B82C1CB5FC55008ABE2B /* AppDelegate.m */ = {isa = PBXFileReference; lastKnownFileType = sourcecode.c.objc; path = AppDelegate.m; sourceTree = "<group>"; };
		C988B82E1CB5FC55008ABE2B /* ViewController.h */ = {isa = PBXFileReference; lastKnownFileType = sourcecode.c.h; path = ViewController.h; sourceTree = "<group>"; };
		C988B82F1CB5FC55008ABE2B /* ViewController.m */ = {isa = PBXFileReference; lastKnownFileType = sourcecode.c.objc; path = ViewController.m; sourceTree = "<group>"; };
		C988B8321CB5FC55008ABE2B /* Base */ = {isa = PBXFileReference; lastKnownFileType = file.storyboard; name = Base; path = Base.lproj/Main.storyboard; sourceTree = "<group>"; };
		C988B8351CB5FC55008ABE2B /* JumpTestOC.xcdatamodel */ = {isa = PBXFileReference; lastKnownFileType = wrapper.xcdatamodel; path = JumpTestOC.xcdatamodel; sourceTree = "<group>"; };
		C988B8371CB5FC55008ABE2B /* Assets.xcassets */ = {isa = PBXFileReference; lastKnownFileType = folder.assetcatalog; path = Assets.xcassets; sourceTree = "<group>"; };
		C988B83A1CB5FC55008ABE2B /* Base */ = {isa = PBXFileReference; lastKnownFileType = file.storyboard; name = Base; path = Base.lproj/LaunchScreen.storyboard; sourceTree = "<group>"; };
		C988B83C1CB5FC55008ABE2B /* Info.plist */ = {isa = PBXFileReference; lastKnownFileType = text.plist.xml; path = Info.plist; sourceTree = "<group>"; };
		C988B8421CB5FCD8008ABE2B /* JumpViewController.h */ = {isa = PBXFileReference; fileEncoding = 4; lastKnownFileType = sourcecode.c.h; path = JumpViewController.h; sourceTree = "<group>"; };
		C988B8431CB5FCD8008ABE2B /* JumpViewController.m */ = {isa = PBXFileReference; fileEncoding = 4; lastKnownFileType = sourcecode.c.objc; path = JumpViewController.m; sourceTree = "<group>"; };
/* End PBXFileReference section */

/* Begin PBXFrameworksBuildPhase section */
		C988B8221CB5FC55008ABE2B /* Frameworks */ = {
			isa = PBXFrameworksBuildPhase;
			buildActionMask = 2147483647;
			files = (
			);
			runOnlyForDeploymentPostprocessing = 0;
		};
/* End PBXFrameworksBuildPhase section */

/* Begin PBXGroup section */
		C988B81C1CB5FC55008ABE2B = {
			isa = PBXGroup;
			children = (
				C988B8271CB5FC55008ABE2B /* JumpTestOC */,
				C988B8261CB5FC55008ABE2B /* Products */,
			);
			sourceTree = "<group>";
		};
		C988B8261CB5FC55008ABE2B /* Products */ = {
			isa = PBXGroup;
			children = (
				C988B8251CB5FC55008ABE2B /* JumpTestOC.app */,
			);
			name = Products;
			sourceTree = "<group>";
		};
		C988B8271CB5FC55008ABE2B /* JumpTestOC */ = {
			isa = PBXGroup;
			children = (
				C988B82B1CB5FC55008ABE2B /* AppDelegate.h */,
				C988B82C1CB5FC55008ABE2B /* AppDelegate.m */,
				C988B82E1CB5FC55008ABE2B /* ViewController.h */,
				C988B82F1CB5FC55008ABE2B /* ViewController.m */,
				C988B8311CB5FC55008ABE2B /* Main.storyboard */,
				C988B8421CB5FCD8008ABE2B /* JumpViewController.h */,
				C988B8431CB5FCD8008ABE2B /* JumpViewController.m */,
				C988B8371CB5FC55008ABE2B /* Assets.xcassets */,
				C988B8391CB5FC55008ABE2B /* LaunchScreen.storyboard */,
				C988B83C1CB5FC55008ABE2B /* Info.plist */,
				C988B8341CB5FC55008ABE2B /* JumpTestOC.xcdatamodeld */,
				C988B8281CB5FC55008ABE2B /* Supporting Files */,
			);
			path = JumpTestOC;
			sourceTree = "<group>";
		};
		C988B8281CB5FC55008ABE2B /* Supporting Files */ = {
			isa = PBXGroup;
			children = (
				C988B8291CB5FC55008ABE2B /* main.m */,
			);
			name = "Supporting Files";
			sourceTree = "<group>";
		};
/* End PBXGroup section */

/* Begin PBXNativeTarget section */
		C988B8241CB5FC55008ABE2B /* JumpTestOC */ = {
			isa = PBXNativeTarget;
			buildConfigurationList = C988B83F1CB5FC55008ABE2B /* Build configuration list for PBXNativeTarget "JumpTestOC" */;
			buildPhases = (
				C988B8211CB5FC55008ABE2B /* Sources */,
				C988B8221CB5FC55008ABE2B /* Frameworks */,
				C988B8231CB5FC55008ABE2B /* Resources */,
			);
			buildRules = (
			);
			dependencies = (
			);
			name = JumpTestOC;
			productName = JumpTestOC;
			productReference = C988B8251CB5FC55008ABE2B /* JumpTestOC.app */;
			productType = "com.apple.product-type.application";
		};
/* End PBXNativeTarget section */

/* Begin PBXProject section */
		C988B81D1CB5FC55008ABE2B /* Project object */ = {
			isa = PBXProject;
			attributes = {
				LastUpgradeCheck = 0720;
				ORGANIZATIONNAME = hxl;
				TargetAttributes = {
					C988B8241CB5FC55008ABE2B = {
						CreatedOnToolsVersion = 7.2;
					};
				};
			};
			buildConfigurationList = C988B8201CB5FC55008ABE2B /* Build configuration list for PBXProject "JumpTestOC" */;
			compatibilityVersion = "Xcode 3.2";
			developmentRegion = English;
			hasScannedForEncodings = 0;
			knownRegions = (
				en,
				Base,
			);
			mainGroup = C988B81C1CB5FC55008ABE2B;
			productRefGroup = C988B8261CB5FC55008ABE2B /* Products */;
			projectDirPath = "";
			projectRoot = "";
			targets = (
				C988B8241CB5FC55008ABE2B /* JumpTestOC */,
			);
		};
/* End PBXProject section */

/* Begin PBXResourcesBuildPhase section */
		C988B8231CB5FC55008ABE2B /* Resources */ = {
			isa = PBXResourcesBuildPhase;
			buildActionMask = 2147483647;
			files = (
				C988B83B1CB5FC55008ABE2B /* LaunchScreen.storyboard in Resources */,
				C988B8381CB5FC55008ABE2B /* Assets.xcassets in Resources */,
				C988B8331CB5FC55008ABE2B /* Main.storyboard in Resources */,
			);
			runOnlyForDeploymentPostprocessing = 0;
		};
/* End PBXResourcesBuildPhase section */

/* Begin PBXSourcesBuildPhase section */
		C988B8211CB5FC55008ABE2B /* Sources */ = {
			isa = PBXSourcesBuildPhase;
			buildActionMask = 2147483647;
			files = (
				C988B8441CB5FCD8008ABE2B /* JumpViewController.m in Sources */,
				C988B8301CB5FC55008ABE2B /* ViewController.m in Sources */,
				C988B8361CB5FC55008ABE2B /* JumpTestOC.xcdatamodeld in Sources */,
				C988B82D1CB5FC55008ABE2B /* AppDelegate.m in Sources */,
				C988B82A1CB5FC55008ABE2B /* main.m in Sources */,
			);
			runOnlyForDeploymentPostprocessing = 0;
		};
/* End PBXSourcesBuildPhase section */

/* Begin PBXVariantGroup section */
		C988B8311CB5FC55008ABE2B /* Main.storyboard */ = {
			isa = PBXVariantGroup;
			children = (
				C988B8321CB5FC55008ABE2B /* Base */,
			);
			name = Main.storyboard;
			sourceTree = "<group>";
		};
		C988B8391CB5FC55008ABE2B /* LaunchScreen.storyboard */ = {
			isa = PBXVariantGroup;
			children = (
				C988B83A1CB5FC55008ABE2B /* Base */,
			);
			name = LaunchScreen.storyboard;
			sourceTree = "<group>";
		};
/* End PBXVariantGroup section */

/* Begin XCBuildConfiguration section */
		C988B83D1CB5FC55008ABE2B /* Debug */ = {
			isa = XCBuildConfiguration;
			buildSettings = {
				ALWAYS_SEARCH_USER_PATHS = NO;
				CLANG_CXX_LANGUAGE_STANDARD = "gnu++0x";
				CLANG_CXX_LIBRARY = "libc++";
				CLANG_ENABLE_MODULES = YES;
				CLANG_ENABLE_OBJC_ARC = YES;
				CLANG_WARN_BOOL_CONVERSION = YES;
				CLANG_WARN_CONSTANT_CONVERSION = YES;
				CLANG_WARN_DIRECT_OBJC_ISA_USAGE = YES_ERROR;
				CLANG_WARN_EMPTY_BODY = YES;
				CLANG_WARN_ENUM_CONVERSION = YES;
				CLANG_WARN_INT_CONVERSION = YES;
				CLANG_WARN_OBJC_ROOT_CLASS = YES_ERROR;
				CLANG_WARN_UNREACHABLE_CODE = YES;
				CLANG_WARN__DUPLICATE_METHOD_MATCH = YES;
				"CODE_SIGN_IDENTITY[sdk=iphoneos*]" = "iPhone Developer";
				COPY_PHASE_STRIP = NO;
				DEBUG_INFORMATION_FORMAT = dwarf;
				ENABLE_STRICT_OBJC_MSGSEND = YES;
				ENABLE_TESTABILITY = YES;
				GCC_C_LANGUAGE_STANDARD = gnu99;
				GCC_DYNAMIC_NO_PIC = NO;
				GCC_NO_COMMON_BLOCKS = YES;
				GCC_OPTIMIZATION_LEVEL = 0;
				GCC_PREPROCESSOR_DEFINITIONS = (
					"DEBUG=1",
					"$(inherited)",
				);
				GCC_WARN_64_TO_32_BIT_CONVERSION = YES;
				GCC_WARN_ABOUT_RETURN_TYPE = YES_ERROR;
				GCC_WARN_UNDECLARED_SELECTOR = YES;
				GCC_WARN_UNINITIALIZED_AUTOS = YES_AGGRESSIVE;
				GCC_WARN_UNUSED_FUNCTION = YES;
				GCC_WARN_UNUSED_VARIABLE = YES;
				IPHONEOS_DEPLOYMENT_TARGET = 9.2;
				MTL_ENABLE_DEBUG_INFO = YES;
				ONLY_ACTIVE_ARCH = YES;
				SDKROOT = iphoneos;
			};
			name = Debug;
		};
		C988B83E1CB5FC55008ABE2B /* Release */ = {
			isa = XCBuildConfiguration;
			buildSettings = {
				ALWAYS_SEARCH_USER_PATHS = NO;
				CLANG_CXX_LANGUAGE_STANDARD = "gnu++0x";
				CLANG_CXX_LIBRARY = "libc++";
				CLANG_ENABLE_MODULES = YES;
				CLANG_ENABLE_OBJC_ARC = YES;
				CLANG_WARN_BOOL_CONVERSION = YES;
				CLANG_WARN_CONSTANT_CONVERSION = YES;
				CLANG_WARN_DIRECT_OBJC_ISA_USAGE = YES_ERROR;
				CLANG_WARN_EMPTY_BODY = YES;
				CLANG_WARN_ENUM_CONVERSION = YES;
				CLANG_WARN_INT_CONVERSION = YES;
				CLANG_WARN_OBJC_ROOT_CLASS = YES_ERROR;
				CLANG_WARN_UNREACHABLE_CODE = YES;
				CLANG_WARN__DUPLICATE_METHOD_MATCH = YES;
				"CODE_SIGN_IDENTITY[sdk=iphoneos*]" = "iPhone Developer";
				COPY_PHASE_STRIP = NO;
				DEBUG_INFORMATION_FORMAT = "dwarf-with-dsym";
				ENABLE_NS_ASSERTIONS = NO;
				ENABLE_STRICT_OBJC_MSGSEND = YES;
				GCC_C_LANGUAGE_STANDARD = gnu99;
				GCC_NO_COMMON_BLOCKS = YES;
				GCC_WARN_64_TO_32_BIT_CONVERSION = YES;
				GCC_WARN_ABOUT_RETURN_TYPE = YES_ERROR;
				GCC_WARN_UNDECLARED_SELECTOR = YES;
				GCC_WARN_UNINITIALIZED_AUTOS = YES_AGGRESSIVE;
				GCC_WARN_UNUSED_FUNCTION = YES;
				GCC_WARN_UNUSED_VARIABLE = YES;
				IPHONEOS_DEPLOYMENT_TARGET = 9.2;
				MTL_ENABLE_DEBUG_INFO = NO;
				SDKROOT = iphoneos;
				VALIDATE_PRODUCT = YES;
			};
			name = Release;
		};
		C988B8401CB5FC55008ABE2B /* Debug */ = {
			isa = XCBuildConfiguration;
			buildSettings = {
				ASSETCATALOG_COMPILER_APPICON_NAME = AppIcon;
				INFOPLIST_FILE = JumpTestOC/Info.plist;
				LD_RUNPATH_SEARCH_PATHS = "$(inherited) @executable_path/Frameworks";
				PRODUCT_BUNDLE_IDENTIFIER = hxl.JumpTestOC;
				PRODUCT_NAME = "$(TARGET_NAME)";
			};
			name = Debug;
		};
		C988B8411CB5FC55008ABE2B /* Release */ = {
			isa = XCBuildConfiguration;
			buildSettings = {
				ASSETCATALOG_COMPILER_APPICON_NAME = AppIcon;
				INFOPLIST_FILE = JumpTestOC/Info.plist;
				LD_RUNPATH_SEARCH_PATHS = "$(inherited) @executable_path/Frameworks";
				PRODUCT_BUNDLE_IDENTIFIER = hxl.JumpTestOC;
				PRODUCT_NAME = "$(TARGET_NAME)";
			};
			name = Release;
		};
/* End XCBuildConfiguration section */

/* Begin XCConfigurationList section */
		C988B8201CB5FC55008ABE2B /* Build configuration list for PBXProject "JumpTestOC" */ = {
			isa = XCConfigurationList;
			buildConfigurations = (
				C988B83D1CB5FC55008ABE2B /* Debug */,
				C988B83E1CB5FC55008ABE2B /* Release */,
			);
			defaultConfigurationIsVisible = 0;
			defaultConfigurationName = Release;
		};
		C988B83F1CB5FC55008ABE2B /* Build configuration list for PBXNativeTarget "JumpTestOC" */ = {
			isa = XCConfigurationList;
			buildConfigurations = (
				C988B8401CB5FC55008ABE2B /* Debug */,
				C988B8411CB5FC55008ABE2B /* Release */,
			);
			defaultConfigurationIsVisible = 0;
		};
/* End XCConfigurationList section */

/* Begin XCVersionGroup section */
		C988B8341CB5FC55008ABE2B /* JumpTestOC.xcdatamodeld */ = {
			isa = XCVersionGroup;
			children = (
				C988B8351CB5FC55008ABE2B /* JumpTestOC.xcdatamodel */,
			);
			currentVersion = C988B8351CB5FC55008ABE2B /* JumpTestOC.xcdatamodel */;
			path = JumpTestOC.xcdatamodeld;
			sourceTree = "<group>";
			versionGroupType = wrapper.xcdatamodel;
		};
/* End XCVersionGroup section */
	};
	rootObject = C988B81D1CB5FC55008ABE2B /* Project object */;
}
